
Microsoft Visual Studio Solution File, Format Version 12.00
# Visual Studio Version 17
VisualStudioVersion = 17.2.32630.192
MinimumVisualStudioVersion = 10.0.40219.1
Project("{9A19103F-16F7-4668-BE54-9A1E7A4F7556}") = "R5T.F0041.Construction", "R5T.F0041.Construction\R5T.F0041.Construction.csproj", "{69A1A587-5912-4ADF-B751-E435F1E84B0A}"
EndProject
Project("{9A19103F-16F7-4668-BE54-9A1E7A4F7556}") = "R5T.F0041", "R5T.F0041\R5T.F0041.csproj", "{29632EAD-8C09-46CB-8982-24C4A5D680EE}"
EndProject
Global
	GlobalSection(SolutionConfigurationPlatforms) = preSolution
		Debug|Any CPU = Debug|Any CPU
		Release|Any CPU = Release|Any CPU
	EndGlobalSection
	GlobalSection(ProjectConfigurationPlatforms) = postSolution
		{69A1A587-5912-4ADF-B751-E435F1E84B0A}.Debug|Any CPU.ActiveCfg = Debug|Any CPU
		{69A1A587-5912-4ADF-B751-E435F1E84B0A}.Debug|Any CPU.Build.0 = Debug|Any CPU
		{69A1A587-5912-4ADF-B751-E435F1E84B0A}.Release|Any CPU.ActiveCfg = Release|Any CPU
		{69A1A587-5912-4ADF-B751-E435F1E84B0A}.Release|Any CPU.Build.0 = Release|Any CPU
		{29632EAD-8C09-46CB-8982-24C4A5D680EE}.Debug|Any CPU.ActiveCfg = Debug|Any CPU
		{29632EAD-8C09-46CB-8982-24C4A5D680EE}.Debug|Any CPU.Build.0 = Debug|Any CPU
		{29632EAD-8C09-46CB-8982-24C4A5D680EE}.Release|Any CPU.ActiveCfg = Release|Any CPU
		{29632EAD-8C09-46CB-8982-24C4A5D680EE}.Release|Any CPU.Build.0 = Release|Any CPU
	EndGlobalSection
	GlobalSection(SolutionProperties) = preSolution
		HideSolutionNode = FALSE
	EndGlobalSection
	GlobalSection(ExtensibilityGlobals) = postSolution
		SolutionGuid = {65011ADF-46BA-46E3-AACD-DAE97B45DDCA}
	EndGlobalSection
EndGlobal
