
Microsoft Visual Studio Solution File, Format Version 12.00
# Visual Studio Version 17
VisualStudioVersion = 17.2.32630.192
MinimumVisualStudioVersion = 10.0.40219.1
Project("{9A19103F-16F7-4668-BE54-9A1E7A4F7556}") = "R5T.F0041.Construction", "R5T.F0041.Construction\R5T.F0041.Construction.csproj", "{69A1A587-5912-4ADF-B751-E435F1E84B0A}"
EndProject
Project("{9A19103F-16F7-4668-BE54-9A1E7A4F7556}") = "R5T.F0041", "R5T.F0041\R5T.F0041.csproj", "{29632EAD-8C09-46CB-8982-24C4A5D680EE}"
EndProject
Project("{2150E333-8FDC-42A3-9474-1A3956D46DE8}") = "_Dependencies", "_Dependencies", "{1C839B04-701E-4F22-A344-25D7A7C2080B}"
EndProject
Project("{9A19103F-16F7-4668-BE54-9A1E7A4F7556}") = "R5T.F0000", "..\..\R5T.F0000\source\R5T.F0000\R5T.F0000.csproj", "{1AC7E1EE-8A44-4B99-9AF8-398BAC7359E8}"
EndProject
Project("{9A19103F-16F7-4668-BE54-9A1E7A4F7556}") = "R5T.F0002", "..\..\R5T.F0002\source\R5T.F0002\R5T.F0002.csproj", "{B501D025-DC88-4E20-9715-A0A929FAB675}"
EndProject
Project("{9A19103F-16F7-4668-BE54-9A1E7A4F7556}") = "R5T.F0019", "..\..\R5T.F0019\source\R5T.F0019\R5T.F0019.csproj", "{D1A9FBDF-E63C-450E-B74F-38E1B5122F1C}"
EndProject
Project("{9A19103F-16F7-4668-BE54-9A1E7A4F7556}") = "R5T.F0032", "..\..\R5T.F0032\source\R5T.F0032\R5T.F0032.csproj", "{8FABC84A-0BDE-4664-A8E9-9B29385213DB}"
EndProject
Project("{9A19103F-16F7-4668-BE54-9A1E7A4F7556}") = "R5T.F0044", "..\..\R5T.F0044\source\R5T.F0044\R5T.F0044.csproj", "{2391D135-130A-41CD-98D9-B4F2A1F8957D}"
EndProject
Project("{9A19103F-16F7-4668-BE54-9A1E7A4F7556}") = "R5T.F0046", "..\..\R5T.F0046\source\R5T.F0046\R5T.F0046.csproj", "{32210295-B821-49B6-B8C5-B08BB09E3884}"
EndProject
Project("{9A19103F-16F7-4668-BE54-9A1E7A4F7556}") = "R5T.F0047", "..\..\R5T.F0047\source\R5T.F0047\R5T.F0047.csproj", "{C10828C4-28F0-4387-8BA8-009069EF2DF2}"
EndProject
Project("{9A19103F-16F7-4668-BE54-9A1E7A4F7556}") = "R5T.F0057", "..\..\R5T.F0057\source\R5T.F0057\R5T.F0057.csproj", "{E831FB15-3F10-40B9-A9EA-50C1D460DE92}"
EndProject
Project("{9A19103F-16F7-4668-BE54-9A1E7A4F7556}") = "R5T.L0001.Y000", "..\..\R5T.L0001\source\R5T.L0001.Y000\R5T.L0001.Y000.csproj", "{F7CAC38C-4AE9-4BA6-BE0F-B46F9D3457CB}"
EndProject
Project("{9A19103F-16F7-4668-BE54-9A1E7A4F7556}") = "R5T.L0001.Z000", "..\..\R5T.L0001\source\R5T.L0001.Z000\R5T.L0001.Z000.csproj", "{04DC5C00-72EC-4207-BAB5-D06A855C093A}"
EndProject
Project("{9A19103F-16F7-4668-BE54-9A1E7A4F7556}") = "R5T.L0001", "..\..\R5T.L0001\source\R5T.L0001\R5T.L0001.csproj", "{670C5031-389C-4843-A4E4-B2DF0650BA39}"
EndProject
Project("{9A19103F-16F7-4668-BE54-9A1E7A4F7556}") = "R5T.NG0005", "..\..\R5T.NG0005\source\R5T.NG0005\R5T.NG0005.csproj", "{B82960A8-51E3-46A5-869F-62E605DA3FC3}"
EndProject
Project("{9A19103F-16F7-4668-BE54-9A1E7A4F7556}") = "R5T.NG0006", "..\..\R5T.NG0006\source\R5T.NG0006\R5T.NG0006.csproj", "{1964B246-C5B4-4168-9765-6666514B647B}"
EndProject
Project("{9A19103F-16F7-4668-BE54-9A1E7A4F7556}") = "R5T.NG0008", "..\..\R5T.NG0008\source\R5T.NG0008\R5T.NG0008.csproj", "{91BF48E1-F261-409D-A25D-DAD87EB769C8}"
EndProject
Project("{9A19103F-16F7-4668-BE54-9A1E7A4F7556}") = "R5T.T0046", "..\..\R5T.T0046\source\R5T.T0046\R5T.T0046.csproj", "{654F45CB-1C55-4451-A15E-BCD3521B5282}"
EndProject
Project("{9A19103F-16F7-4668-BE54-9A1E7A4F7556}") = "R5T.T0131", "..\..\R5T.T0131\source\R5T.T0131\R5T.T0131.csproj", "{E89B96D6-2CEA-4E02-A6CD-7C85436983CD}"
EndProject
Project("{9A19103F-16F7-4668-BE54-9A1E7A4F7556}") = "R5T.T0132", "..\..\R5T.T0132\source\R5T.T0132\R5T.T0132.csproj", "{7250A872-78E2-49E0-8CC3-FCC809FAEC6B}"
EndProject
Project("{9A19103F-16F7-4668-BE54-9A1E7A4F7556}") = "R5T.T0142", "..\..\R5T.T0142\source\R5T.T0142\R5T.T0142.csproj", "{F37B78CB-51FF-4D26-8C88-7EAB6ED71962}"
EndProject
Project("{9A19103F-16F7-4668-BE54-9A1E7A4F7556}") = "R5T.T0143", "..\..\R5T.T0143\source\R5T.T0143\R5T.T0143.csproj", "{C284D569-0049-4B3F-AEDE-C84F9D7BC723}"
EndProject
Project("{9A19103F-16F7-4668-BE54-9A1E7A4F7556}") = "R5T.T0144", "..\..\R5T.T0144\source\R5T.T0144\R5T.T0144.csproj", "{FFA992D4-41E6-4A75-A5D5-5682309072F3}"
EndProject
Project("{9A19103F-16F7-4668-BE54-9A1E7A4F7556}") = "R5T.T0156", "..\..\R5T.T0156\source\R5T.T0156\R5T.T0156.csproj", "{F86D27CE-529D-489A-9C58-AE665789BF85}"
EndProject
Project("{9A19103F-16F7-4668-BE54-9A1E7A4F7556}") = "R5T.T0209", "..\..\R5T.T0209\source\R5T.T0209\R5T.T0209.csproj", "{70086327-170D-4136-A9B8-009EFEA346E5}"
EndProject
Project("{9A19103F-16F7-4668-BE54-9A1E7A4F7556}") = "R5T.Y0000", "..\..\R5T.Y0000\source\R5T.Y0000\R5T.Y0000.csproj", "{0D66DD28-4666-4F73-981F-9B8F89DD66C5}"
EndProject
Project("{9A19103F-16F7-4668-BE54-9A1E7A4F7556}") = "R5T.Y0004", "..\..\R5T.Y0004\source\R5T.Y0004\R5T.Y0004.csproj", "{1DD1D9E6-FFC7-473A-9788-567EC135AB28}"
EndProject
Project("{9A19103F-16F7-4668-BE54-9A1E7A4F7556}") = "R5T.Z0000", "..\..\R5T.Z0000\source\R5T.Z0000\R5T.Z0000.csproj", "{2D31ACEA-9C49-4E3A-85AB-911E57D713C7}"
EndProject
Project("{9A19103F-16F7-4668-BE54-9A1E7A4F7556}") = "R5T.Z0005", "..\..\R5T.Z0005\source\R5T.Z0005\R5T.Z0005.csproj", "{FAF18590-BEFB-4E33-8374-E33783D15017}"
EndProject
Project("{9A19103F-16F7-4668-BE54-9A1E7A4F7556}") = "R5T.Z0013", "..\..\R5T.Z0013\source\R5T.Z0013\R5T.Z0013.csproj", "{135BEEA4-3F8C-465A-AE48-0816CB5EB904}"
EndProject
Project("{9A19103F-16F7-4668-BE54-9A1E7A4F7556}") = "R5T.F0120", "..\..\R5T.F0120\source\R5T.F0120\R5T.F0120.csproj", "{4E7DF055-41E4-4009-8520-8B758ED2C7F3}"
EndProject
Project("{9A19103F-16F7-4668-BE54-9A1E7A4F7556}") = "R5T.F0124", "..\..\R5T.F0124\source\R5T.F0124\R5T.F0124.csproj", "{490CD556-FD47-456A-A2CC-C856BBD7014F}"
EndProject
Project("{9A19103F-16F7-4668-BE54-9A1E7A4F7556}") = "R5T.L0053", "..\..\R5T.L0053\source\R5T.L0053\R5T.L0053.csproj", "{0FFED749-540F-4B77-AB81-1F8DE68EBCF7}"
EndProject
Project("{9A19103F-16F7-4668-BE54-9A1E7A4F7556}") = "R5T.L0066", "..\..\R5T.L0066\source\R5T.L0066\R5T.L0066.csproj", "{84F6346E-DA85-411B-835D-CA279BEE7697}"
EndProject
Project("{9A19103F-16F7-4668-BE54-9A1E7A4F7556}") = "R5T.L0071", "..\..\R5T.L0071\source\R5T.L0071\R5T.L0071.csproj", "{7BE6D8F6-4192-43C5-AE06-83E1DDF63213}"
EndProject
Project("{9A19103F-16F7-4668-BE54-9A1E7A4F7556}") = "R5T.L0089.F000", "..\..\R5T.L0089\source\R5T.L0089.F000\R5T.L0089.F000.csproj", "{82D5BA02-5CFA-4406-A2A5-804475A2AA55}"
EndProject
Project("{9A19103F-16F7-4668-BE54-9A1E7A4F7556}") = "R5T.L0089.T000", "..\..\R5T.L0089\source\R5T.L0089.T000\R5T.L0089.T000.csproj", "{349E3E1E-7DDA-456B-A564-6A90AC268C10}"
EndProject
Project("{9A19103F-16F7-4668-BE54-9A1E7A4F7556}") = "R5T.L0089", "..\..\R5T.L0089\source\R5T.L0089\R5T.L0089.csproj", "{DD0202C3-6C69-4597-B407-FD6B5A6E5323}"
EndProject
Project("{9A19103F-16F7-4668-BE54-9A1E7A4F7556}") = "R5T.NG0022", "..\..\R5T.NG0022\source\R5T.NG0022\R5T.NG0022.csproj", "{2A7B3E47-5512-45F0-8E39-5788DA0DDEFD}"
EndProject
Project("{9A19103F-16F7-4668-BE54-9A1E7A4F7556}") = "R5T.T0174", "..\..\R5T.T0174\source\R5T.T0174\R5T.T0174.csproj", "{1084E8EF-135A-4C4E-9FF4-8F71469C43C2}"
EndProject
Project("{9A19103F-16F7-4668-BE54-9A1E7A4F7556}") = "R5T.T0176", "..\..\R5T.T0176\source\R5T.T0176\R5T.T0176.csproj", "{65647916-0A04-4C80-96C2-9D39E6376F13}"
EndProject
Project("{9A19103F-16F7-4668-BE54-9A1E7A4F7556}") = "R5T.T0177", "..\..\R5T.T0177\source\R5T.T0177\R5T.T0177.csproj", "{ABE9BBEB-0197-401B-87B2-C6454B8A77F8}"
EndProject
Project("{9A19103F-16F7-4668-BE54-9A1E7A4F7556}") = "R5T.T0178", "..\..\R5T.T0178\source\R5T.T0178\R5T.T0178.csproj", "{CD2C902E-8D02-4A15-9372-FD39F14A71AF}"
EndProject
Project("{9A19103F-16F7-4668-BE54-9A1E7A4F7556}") = "R5T.T0179", "..\..\R5T.T0179\source\R5T.T0179\R5T.T0179.csproj", "{1EFB72AB-F511-49FD-B6F2-8F16EDC8F89F}"
EndProject
Project("{9A19103F-16F7-4668-BE54-9A1E7A4F7556}") = "R5T.T0180", "..\..\R5T.T0180\source\R5T.T0180\R5T.T0180.csproj", "{687B82F2-0F2A-41FD-9598-43D47DA070C3}"
EndProject
Project("{9A19103F-16F7-4668-BE54-9A1E7A4F7556}") = "R5T.T0181", "..\..\R5T.T0181\source\R5T.T0181\R5T.T0181.csproj", "{B27291CC-F351-4339-9C9E-4DB6D5BCC4B9}"
EndProject
Project("{9A19103F-16F7-4668-BE54-9A1E7A4F7556}") = "R5T.T0185", "..\..\R5T.T0185\source\R5T.T0185\R5T.T0185.csproj", "{C169153B-3171-45E2-8EA2-AFEF1716D4DA}"
EndProject
Project("{9A19103F-16F7-4668-BE54-9A1E7A4F7556}") = "R5T.T0199.T000", "..\..\R5T.T0199\source\R5T.T0199.T000\R5T.T0199.T000.csproj", "{0076861C-65B6-4513-AC32-5BE48A57847F}"
EndProject
Project("{9A19103F-16F7-4668-BE54-9A1E7A4F7556}") = "R5T.T0199.T001", "..\..\R5T.T0199\source\R5T.T0199.T001\R5T.T0199.T001.csproj", "{D13AD768-FDDA-44D1-8F7F-9A363B1FBCE8}"
EndProject
Project("{9A19103F-16F7-4668-BE54-9A1E7A4F7556}") = "R5T.T0199", "..\..\R5T.T0199\source\R5T.T0199\R5T.T0199.csproj", "{727B353D-69C6-4B23-99E7-2A8AEADEA4BC}"
EndProject
Project("{9A19103F-16F7-4668-BE54-9A1E7A4F7556}") = "R5T.T0220", "..\..\R5T.T0220\source\R5T.T0220\R5T.T0220.csproj", "{F5368184-8A21-409B-B3EE-20FF2DF83C2E}"
EndProject
Project("{9A19103F-16F7-4668-BE54-9A1E7A4F7556}") = "R5T.T0221", "..\..\R5T.T0221\source\R5T.T0221\R5T.T0221.csproj", "{05B63666-1463-417C-A90B-F5B13E17E7A8}"
EndProject
Project("{9A19103F-16F7-4668-BE54-9A1E7A4F7556}") = "R5T.T0240", "..\..\R5T.T0240\source\R5T.T0240\R5T.T0240.csproj", "{9879E44F-8ADA-404A-8946-8E8BBB6B6311}"
EndProject
Project("{9A19103F-16F7-4668-BE54-9A1E7A4F7556}") = "R5T.T0241", "..\..\R5T.T0241\source\R5T.T0241\R5T.T0241.csproj", "{2F2CFEFF-B646-483F-95F4-7E3C15B25A1A}"
EndProject
Project("{9A19103F-16F7-4668-BE54-9A1E7A4F7556}") = "R5T.Y0006", "..\..\R5T.Y0006\source\R5T.Y0006\R5T.Y0006.csproj", "{64582B0C-3947-41DD-A6D9-F2C43D4867B2}"
EndProject
Project("{9A19103F-16F7-4668-BE54-9A1E7A4F7556}") = "R5T.Z0010.Platform", "..\..\R5T.Z0010\source\R5T.Z0010.Platform\R5T.Z0010.Platform.csproj", "{21FCCAD6-A599-4D30-8ED9-8F950AC0C5D6}"
EndProject
Project("{9A19103F-16F7-4668-BE54-9A1E7A4F7556}") = "R5T.L0072", "..\..\R5T.L0072\source\R5T.L0072\R5T.L0072.csproj", "{0120A72A-AB19-4728-BF82-3919C01D7082}"
EndProject
Project("{9A19103F-16F7-4668-BE54-9A1E7A4F7556}") = "R5T.L0083.F001", "..\..\R5T.L0083\source\R5T.L0083.F001\R5T.L0083.F001.csproj", "{436597EC-3F6B-400E-A74D-B783016AFB38}"
EndProject
Project("{9A19103F-16F7-4668-BE54-9A1E7A4F7556}") = "R5T.NG0023", "..\..\R5T.NG0023\source\R5T.NG0023\R5T.NG0023.csproj", "{79B41A6E-A53E-4290-93E7-B6DF912C733C}"
EndProject
Global
	GlobalSection(NestedProjects) = preSolution
		{1AC7E1EE-8A44-4B99-9AF8-398BAC7359E8} = {1C839B04-701E-4F22-A344-25D7A7C2080B}
		{B501D025-DC88-4E20-9715-A0A929FAB675} = {1C839B04-701E-4F22-A344-25D7A7C2080B}
		{D1A9FBDF-E63C-450E-B74F-38E1B5122F1C} = {1C839B04-701E-4F22-A344-25D7A7C2080B}
		{8FABC84A-0BDE-4664-A8E9-9B29385213DB} = {1C839B04-701E-4F22-A344-25D7A7C2080B}
		{2391D135-130A-41CD-98D9-B4F2A1F8957D} = {1C839B04-701E-4F22-A344-25D7A7C2080B}
		{32210295-B821-49B6-B8C5-B08BB09E3884} = {1C839B04-701E-4F22-A344-25D7A7C2080B}
		{C10828C4-28F0-4387-8BA8-009069EF2DF2} = {1C839B04-701E-4F22-A344-25D7A7C2080B}
		{E831FB15-3F10-40B9-A9EA-50C1D460DE92} = {1C839B04-701E-4F22-A344-25D7A7C2080B}
		{F7CAC38C-4AE9-4BA6-BE0F-B46F9D3457CB} = {1C839B04-701E-4F22-A344-25D7A7C2080B}
		{04DC5C00-72EC-4207-BAB5-D06A855C093A} = {1C839B04-701E-4F22-A344-25D7A7C2080B}
		{670C5031-389C-4843-A4E4-B2DF0650BA39} = {1C839B04-701E-4F22-A344-25D7A7C2080B}
		{B82960A8-51E3-46A5-869F-62E605DA3FC3} = {1C839B04-701E-4F22-A344-25D7A7C2080B}
		{1964B246-C5B4-4168-9765-6666514B647B} = {1C839B04-701E-4F22-A344-25D7A7C2080B}
		{91BF48E1-F261-409D-A25D-DAD87EB769C8} = {1C839B04-701E-4F22-A344-25D7A7C2080B}
		{654F45CB-1C55-4451-A15E-BCD3521B5282} = {1C839B04-701E-4F22-A344-25D7A7C2080B}
		{E89B96D6-2CEA-4E02-A6CD-7C85436983CD} = {1C839B04-701E-4F22-A344-25D7A7C2080B}
		{7250A872-78E2-49E0-8CC3-FCC809FAEC6B} = {1C839B04-701E-4F22-A344-25D7A7C2080B}
		{F37B78CB-51FF-4D26-8C88-7EAB6ED71962} = {1C839B04-701E-4F22-A344-25D7A7C2080B}
		{C284D569-0049-4B3F-AEDE-C84F9D7BC723} = {1C839B04-701E-4F22-A344-25D7A7C2080B}
		{FFA992D4-41E6-4A75-A5D5-5682309072F3} = {1C839B04-701E-4F22-A344-25D7A7C2080B}
		{F86D27CE-529D-489A-9C58-AE665789BF85} = {1C839B04-701E-4F22-A344-25D7A7C2080B}
		{70086327-170D-4136-A9B8-009EFEA346E5} = {1C839B04-701E-4F22-A344-25D7A7C2080B}
		{0D66DD28-4666-4F73-981F-9B8F89DD66C5} = {1C839B04-701E-4F22-A344-25D7A7C2080B}
		{1DD1D9E6-FFC7-473A-9788-567EC135AB28} = {1C839B04-701E-4F22-A344-25D7A7C2080B}
		{2D31ACEA-9C49-4E3A-85AB-911E57D713C7} = {1C839B04-701E-4F22-A344-25D7A7C2080B}
		{FAF18590-BEFB-4E33-8374-E33783D15017} = {1C839B04-701E-4F22-A344-25D7A7C2080B}
		{135BEEA4-3F8C-465A-AE48-0816CB5EB904} = {1C839B04-701E-4F22-A344-25D7A7C2080B}
		{4E7DF055-41E4-4009-8520-8B758ED2C7F3} = {1C839B04-701E-4F22-A344-25D7A7C2080B}
		{490CD556-FD47-456A-A2CC-C856BBD7014F} = {1C839B04-701E-4F22-A344-25D7A7C2080B}
		{0FFED749-540F-4B77-AB81-1F8DE68EBCF7} = {1C839B04-701E-4F22-A344-25D7A7C2080B}
		{84F6346E-DA85-411B-835D-CA279BEE7697} = {1C839B04-701E-4F22-A344-25D7A7C2080B}
		{7BE6D8F6-4192-43C5-AE06-83E1DDF63213} = {1C839B04-701E-4F22-A344-25D7A7C2080B}
		{82D5BA02-5CFA-4406-A2A5-804475A2AA55} = {1C839B04-701E-4F22-A344-25D7A7C2080B}
		{349E3E1E-7DDA-456B-A564-6A90AC268C10} = {1C839B04-701E-4F22-A344-25D7A7C2080B}
		{DD0202C3-6C69-4597-B407-FD6B5A6E5323} = {1C839B04-701E-4F22-A344-25D7A7C2080B}
		{2A7B3E47-5512-45F0-8E39-5788DA0DDEFD} = {1C839B04-701E-4F22-A344-25D7A7C2080B}
		{1084E8EF-135A-4C4E-9FF4-8F71469C43C2} = {1C839B04-701E-4F22-A344-25D7A7C2080B}
		{65647916-0A04-4C80-96C2-9D39E6376F13} = {1C839B04-701E-4F22-A344-25D7A7C2080B}
		{ABE9BBEB-0197-401B-87B2-C6454B8A77F8} = {1C839B04-701E-4F22-A344-25D7A7C2080B}
		{CD2C902E-8D02-4A15-9372-FD39F14A71AF} = {1C839B04-701E-4F22-A344-25D7A7C2080B}
		{1EFB72AB-F511-49FD-B6F2-8F16EDC8F89F} = {1C839B04-701E-4F22-A344-25D7A7C2080B}
		{687B82F2-0F2A-41FD-9598-43D47DA070C3} = {1C839B04-701E-4F22-A344-25D7A7C2080B}
		{B27291CC-F351-4339-9C9E-4DB6D5BCC4B9} = {1C839B04-701E-4F22-A344-25D7A7C2080B}
		{C169153B-3171-45E2-8EA2-AFEF1716D4DA} = {1C839B04-701E-4F22-A344-25D7A7C2080B}
		{0076861C-65B6-4513-AC32-5BE48A57847F} = {1C839B04-701E-4F22-A344-25D7A7C2080B}
		{D13AD768-FDDA-44D1-8F7F-9A363B1FBCE8} = {1C839B04-701E-4F22-A344-25D7A7C2080B}
		{727B353D-69C6-4B23-99E7-2A8AEADEA4BC} = {1C839B04-701E-4F22-A344-25D7A7C2080B}
		{F5368184-8A21-409B-B3EE-20FF2DF83C2E} = {1C839B04-701E-4F22-A344-25D7A7C2080B}
		{05B63666-1463-417C-A90B-F5B13E17E7A8} = {1C839B04-701E-4F22-A344-25D7A7C2080B}
		{9879E44F-8ADA-404A-8946-8E8BBB6B6311} = {1C839B04-701E-4F22-A344-25D7A7C2080B}
		{2F2CFEFF-B646-483F-95F4-7E3C15B25A1A} = {1C839B04-701E-4F22-A344-25D7A7C2080B}
		{64582B0C-3947-41DD-A6D9-F2C43D4867B2} = {1C839B04-701E-4F22-A344-25D7A7C2080B}
		{21FCCAD6-A599-4D30-8ED9-8F950AC0C5D6} = {1C839B04-701E-4F22-A344-25D7A7C2080B}
		{0120A72A-AB19-4728-BF82-3919C01D7082} = {1C839B04-701E-4F22-A344-25D7A7C2080B}
		{436597EC-3F6B-400E-A74D-B783016AFB38} = {1C839B04-701E-4F22-A344-25D7A7C2080B}
		{79B41A6E-A53E-4290-93E7-B6DF912C733C} = {1C839B04-701E-4F22-A344-25D7A7C2080B}
	EndGlobalSection
	GlobalSection(SolutionConfigurationPlatforms) = preSolution
		Debug|Any CPU = Debug|Any CPU
		Release|Any CPU = Release|Any CPU
	EndGlobalSection
	GlobalSection(ProjectConfigurationPlatforms) = postSolution
		{69A1A587-5912-4ADF-B751-E435F1E84B0A}.Debug|Any CPU.ActiveCfg = Debug|Any CPU
		{69A1A587-5912-4ADF-B751-E435F1E84B0A}.Debug|Any CPU.Build.0 = Debug|Any CPU
		{69A1A587-5912-4ADF-B751-E435F1E84B0A}.Release|Any CPU.ActiveCfg = Release|Any CPU
		{69A1A587-5912-4ADF-B751-E435F1E84B0A}.Release|Any CPU.Build.0 = Release|Any CPU
		{29632EAD-8C09-46CB-8982-24C4A5D680EE}.Debug|Any CPU.ActiveCfg = Debug|Any CPU
		{29632EAD-8C09-46CB-8982-24C4A5D680EE}.Debug|Any CPU.Build.0 = Debug|Any CPU
		{29632EAD-8C09-46CB-8982-24C4A5D680EE}.Release|Any CPU.ActiveCfg = Release|Any CPU
		{29632EAD-8C09-46CB-8982-24C4A5D680EE}.Release|Any CPU.Build.0 = Release|Any CPU
		{1AC7E1EE-8A44-4B99-9AF8-398BAC7359E8}.Debug|Any CPU.ActiveCfg = Debug|Any CPU
		{1AC7E1EE-8A44-4B99-9AF8-398BAC7359E8}.Debug|Any CPU.Build.0 = Debug|Any CPU
		{1AC7E1EE-8A44-4B99-9AF8-398BAC7359E8}.Release|Any CPU.ActiveCfg = Release|Any CPU
		{1AC7E1EE-8A44-4B99-9AF8-398BAC7359E8}.Release|Any CPU.Build.0 = Release|Any CPU
		{B501D025-DC88-4E20-9715-A0A929FAB675}.Debug|Any CPU.ActiveCfg = Debug|Any CPU
		{B501D025-DC88-4E20-9715-A0A929FAB675}.Debug|Any CPU.Build.0 = Debug|Any CPU
		{B501D025-DC88-4E20-9715-A0A929FAB675}.Release|Any CPU.ActiveCfg = Release|Any CPU
		{B501D025-DC88-4E20-9715-A0A929FAB675}.Release|Any CPU.Build.0 = Release|Any CPU
		{D1A9FBDF-E63C-450E-B74F-38E1B5122F1C}.Debug|Any CPU.ActiveCfg = Debug|Any CPU
		{D1A9FBDF-E63C-450E-B74F-38E1B5122F1C}.Debug|Any CPU.Build.0 = Debug|Any CPU
		{D1A9FBDF-E63C-450E-B74F-38E1B5122F1C}.Release|Any CPU.ActiveCfg = Release|Any CPU
		{D1A9FBDF-E63C-450E-B74F-38E1B5122F1C}.Release|Any CPU.Build.0 = Release|Any CPU
		{8FABC84A-0BDE-4664-A8E9-9B29385213DB}.Debug|Any CPU.ActiveCfg = Debug|Any CPU
		{8FABC84A-0BDE-4664-A8E9-9B29385213DB}.Debug|Any CPU.Build.0 = Debug|Any CPU
		{8FABC84A-0BDE-4664-A8E9-9B29385213DB}.Release|Any CPU.ActiveCfg = Release|Any CPU
		{8FABC84A-0BDE-4664-A8E9-9B29385213DB}.Release|Any CPU.Build.0 = Release|Any CPU
		{2391D135-130A-41CD-98D9-B4F2A1F8957D}.Debug|Any CPU.ActiveCfg = Debug|Any CPU
		{2391D135-130A-41CD-98D9-B4F2A1F8957D}.Debug|Any CPU.Build.0 = Debug|Any CPU
		{2391D135-130A-41CD-98D9-B4F2A1F8957D}.Release|Any CPU.ActiveCfg = Release|Any CPU
		{2391D135-130A-41CD-98D9-B4F2A1F8957D}.Release|Any CPU.Build.0 = Release|Any CPU
		{32210295-B821-49B6-B8C5-B08BB09E3884}.Debug|Any CPU.ActiveCfg = Debug|Any CPU
		{32210295-B821-49B6-B8C5-B08BB09E3884}.Debug|Any CPU.Build.0 = Debug|Any CPU
		{32210295-B821-49B6-B8C5-B08BB09E3884}.Release|Any CPU.ActiveCfg = Release|Any CPU
		{32210295-B821-49B6-B8C5-B08BB09E3884}.Release|Any CPU.Build.0 = Release|Any CPU
		{C10828C4-28F0-4387-8BA8-009069EF2DF2}.Debug|Any CPU.ActiveCfg = Debug|Any CPU
		{C10828C4-28F0-4387-8BA8-009069EF2DF2}.Debug|Any CPU.Build.0 = Debug|Any CPU
		{C10828C4-28F0-4387-8BA8-009069EF2DF2}.Release|Any CPU.ActiveCfg = Release|Any CPU
		{C10828C4-28F0-4387-8BA8-009069EF2DF2}.Release|Any CPU.Build.0 = Release|Any CPU
		{E831FB15-3F10-40B9-A9EA-50C1D460DE92}.Debug|Any CPU.ActiveCfg = Debug|Any CPU
		{E831FB15-3F10-40B9-A9EA-50C1D460DE92}.Debug|Any CPU.Build.0 = Debug|Any CPU
		{E831FB15-3F10-40B9-A9EA-50C1D460DE92}.Release|Any CPU.ActiveCfg = Release|Any CPU
		{E831FB15-3F10-40B9-A9EA-50C1D460DE92}.Release|Any CPU.Build.0 = Release|Any CPU
		{F7CAC38C-4AE9-4BA6-BE0F-B46F9D3457CB}.Debug|Any CPU.ActiveCfg = Debug|Any CPU
		{F7CAC38C-4AE9-4BA6-BE0F-B46F9D3457CB}.Debug|Any CPU.Build.0 = Debug|Any CPU
		{F7CAC38C-4AE9-4BA6-BE0F-B46F9D3457CB}.Release|Any CPU.ActiveCfg = Release|Any CPU
		{F7CAC38C-4AE9-4BA6-BE0F-B46F9D3457CB}.Release|Any CPU.Build.0 = Release|Any CPU
		{04DC5C00-72EC-4207-BAB5-D06A855C093A}.Debug|Any CPU.ActiveCfg = Debug|Any CPU
		{04DC5C00-72EC-4207-BAB5-D06A855C093A}.Debug|Any CPU.Build.0 = Debug|Any CPU
		{04DC5C00-72EC-4207-BAB5-D06A855C093A}.Release|Any CPU.ActiveCfg = Release|Any CPU
		{04DC5C00-72EC-4207-BAB5-D06A855C093A}.Release|Any CPU.Build.0 = Release|Any CPU
		{670C5031-389C-4843-A4E4-B2DF0650BA39}.Debug|Any CPU.ActiveCfg = Debug|Any CPU
		{670C5031-389C-4843-A4E4-B2DF0650BA39}.Debug|Any CPU.Build.0 = Debug|Any CPU
		{670C5031-389C-4843-A4E4-B2DF0650BA39}.Release|Any CPU.ActiveCfg = Release|Any CPU
		{670C5031-389C-4843-A4E4-B2DF0650BA39}.Release|Any CPU.Build.0 = Release|Any CPU
		{B82960A8-51E3-46A5-869F-62E605DA3FC3}.Debug|Any CPU.ActiveCfg = Debug|Any CPU
		{B82960A8-51E3-46A5-869F-62E605DA3FC3}.Debug|Any CPU.Build.0 = Debug|Any CPU
		{B82960A8-51E3-46A5-869F-62E605DA3FC3}.Release|Any CPU.ActiveCfg = Release|Any CPU
		{B82960A8-51E3-46A5-869F-62E605DA3FC3}.Release|Any CPU.Build.0 = Release|Any CPU
		{1964B246-C5B4-4168-9765-6666514B647B}.Debug|Any CPU.ActiveCfg = Debug|Any CPU
		{1964B246-C5B4-4168-9765-6666514B647B}.Debug|Any CPU.Build.0 = Debug|Any CPU
		{1964B246-C5B4-4168-9765-6666514B647B}.Release|Any CPU.ActiveCfg = Release|Any CPU
		{1964B246-C5B4-4168-9765-6666514B647B}.Release|Any CPU.Build.0 = Release|Any CPU
		{91BF48E1-F261-409D-A25D-DAD87EB769C8}.Debug|Any CPU.ActiveCfg = Debug|Any CPU
		{91BF48E1-F261-409D-A25D-DAD87EB769C8}.Debug|Any CPU.Build.0 = Debug|Any CPU
		{91BF48E1-F261-409D-A25D-DAD87EB769C8}.Release|Any CPU.ActiveCfg = Release|Any CPU
		{91BF48E1-F261-409D-A25D-DAD87EB769C8}.Release|Any CPU.Build.0 = Release|Any CPU
		{654F45CB-1C55-4451-A15E-BCD3521B5282}.Debug|Any CPU.ActiveCfg = Debug|Any CPU
		{654F45CB-1C55-4451-A15E-BCD3521B5282}.Debug|Any CPU.Build.0 = Debug|Any CPU
		{654F45CB-1C55-4451-A15E-BCD3521B5282}.Release|Any CPU.ActiveCfg = Release|Any CPU
		{654F45CB-1C55-4451-A15E-BCD3521B5282}.Release|Any CPU.Build.0 = Release|Any CPU
		{E89B96D6-2CEA-4E02-A6CD-7C85436983CD}.Debug|Any CPU.ActiveCfg = Debug|Any CPU
		{E89B96D6-2CEA-4E02-A6CD-7C85436983CD}.Debug|Any CPU.Build.0 = Debug|Any CPU
		{E89B96D6-2CEA-4E02-A6CD-7C85436983CD}.Release|Any CPU.ActiveCfg = Release|Any CPU
		{E89B96D6-2CEA-4E02-A6CD-7C85436983CD}.Release|Any CPU.Build.0 = Release|Any CPU
		{7250A872-78E2-49E0-8CC3-FCC809FAEC6B}.Debug|Any CPU.ActiveCfg = Debug|Any CPU
		{7250A872-78E2-49E0-8CC3-FCC809FAEC6B}.Debug|Any CPU.Build.0 = Debug|Any CPU
		{7250A872-78E2-49E0-8CC3-FCC809FAEC6B}.Release|Any CPU.ActiveCfg = Release|Any CPU
		{7250A872-78E2-49E0-8CC3-FCC809FAEC6B}.Release|Any CPU.Build.0 = Release|Any CPU
		{F37B78CB-51FF-4D26-8C88-7EAB6ED71962}.Debug|Any CPU.ActiveCfg = Debug|Any CPU
		{F37B78CB-51FF-4D26-8C88-7EAB6ED71962}.Debug|Any CPU.Build.0 = Debug|Any CPU
		{F37B78CB-51FF-4D26-8C88-7EAB6ED71962}.Release|Any CPU.ActiveCfg = Release|Any CPU
		{F37B78CB-51FF-4D26-8C88-7EAB6ED71962}.Release|Any CPU.Build.0 = Release|Any CPU
		{C284D569-0049-4B3F-AEDE-C84F9D7BC723}.Debug|Any CPU.ActiveCfg = Debug|Any CPU
		{C284D569-0049-4B3F-AEDE-C84F9D7BC723}.Debug|Any CPU.Build.0 = Debug|Any CPU
		{C284D569-0049-4B3F-AEDE-C84F9D7BC723}.Release|Any CPU.ActiveCfg = Release|Any CPU
		{C284D569-0049-4B3F-AEDE-C84F9D7BC723}.Release|Any CPU.Build.0 = Release|Any CPU
		{FFA992D4-41E6-4A75-A5D5-5682309072F3}.Debug|Any CPU.ActiveCfg = Debug|Any CPU
		{FFA992D4-41E6-4A75-A5D5-5682309072F3}.Debug|Any CPU.Build.0 = Debug|Any CPU
		{FFA992D4-41E6-4A75-A5D5-5682309072F3}.Release|Any CPU.ActiveCfg = Release|Any CPU
		{FFA992D4-41E6-4A75-A5D5-5682309072F3}.Release|Any CPU.Build.0 = Release|Any CPU
		{F86D27CE-529D-489A-9C58-AE665789BF85}.Debug|Any CPU.ActiveCfg = Debug|Any CPU
		{F86D27CE-529D-489A-9C58-AE665789BF85}.Debug|Any CPU.Build.0 = Debug|Any CPU
		{F86D27CE-529D-489A-9C58-AE665789BF85}.Release|Any CPU.ActiveCfg = Release|Any CPU
		{F86D27CE-529D-489A-9C58-AE665789BF85}.Release|Any CPU.Build.0 = Release|Any CPU
		{70086327-170D-4136-A9B8-009EFEA346E5}.Debug|Any CPU.ActiveCfg = Debug|Any CPU
		{70086327-170D-4136-A9B8-009EFEA346E5}.Debug|Any CPU.Build.0 = Debug|Any CPU
		{70086327-170D-4136-A9B8-009EFEA346E5}.Release|Any CPU.ActiveCfg = Release|Any CPU
		{70086327-170D-4136-A9B8-009EFEA346E5}.Release|Any CPU.Build.0 = Release|Any CPU
		{0D66DD28-4666-4F73-981F-9B8F89DD66C5}.Debug|Any CPU.ActiveCfg = Debug|Any CPU
		{0D66DD28-4666-4F73-981F-9B8F89DD66C5}.Debug|Any CPU.Build.0 = Debug|Any CPU
		{0D66DD28-4666-4F73-981F-9B8F89DD66C5}.Release|Any CPU.ActiveCfg = Release|Any CPU
		{0D66DD28-4666-4F73-981F-9B8F89DD66C5}.Release|Any CPU.Build.0 = Release|Any CPU
		{1DD1D9E6-FFC7-473A-9788-567EC135AB28}.Debug|Any CPU.ActiveCfg = Debug|Any CPU
		{1DD1D9E6-FFC7-473A-9788-567EC135AB28}.Debug|Any CPU.Build.0 = Debug|Any CPU
		{1DD1D9E6-FFC7-473A-9788-567EC135AB28}.Release|Any CPU.ActiveCfg = Release|Any CPU
		{1DD1D9E6-FFC7-473A-9788-567EC135AB28}.Release|Any CPU.Build.0 = Release|Any CPU
		{2D31ACEA-9C49-4E3A-85AB-911E57D713C7}.Debug|Any CPU.ActiveCfg = Debug|Any CPU
		{2D31ACEA-9C49-4E3A-85AB-911E57D713C7}.Debug|Any CPU.Build.0 = Debug|Any CPU
		{2D31ACEA-9C49-4E3A-85AB-911E57D713C7}.Release|Any CPU.ActiveCfg = Release|Any CPU
		{2D31ACEA-9C49-4E3A-85AB-911E57D713C7}.Release|Any CPU.Build.0 = Release|Any CPU
		{FAF18590-BEFB-4E33-8374-E33783D15017}.Debug|Any CPU.ActiveCfg = Debug|Any CPU
		{FAF18590-BEFB-4E33-8374-E33783D15017}.Debug|Any CPU.Build.0 = Debug|Any CPU
		{FAF18590-BEFB-4E33-8374-E33783D15017}.Release|Any CPU.ActiveCfg = Release|Any CPU
		{FAF18590-BEFB-4E33-8374-E33783D15017}.Release|Any CPU.Build.0 = Release|Any CPU
		{135BEEA4-3F8C-465A-AE48-0816CB5EB904}.Debug|Any CPU.ActiveCfg = Debug|Any CPU
		{135BEEA4-3F8C-465A-AE48-0816CB5EB904}.Debug|Any CPU.Build.0 = Debug|Any CPU
		{135BEEA4-3F8C-465A-AE48-0816CB5EB904}.Release|Any CPU.ActiveCfg = Release|Any CPU
		{135BEEA4-3F8C-465A-AE48-0816CB5EB904}.Release|Any CPU.Build.0 = Release|Any CPU
		{4E7DF055-41E4-4009-8520-8B758ED2C7F3}.Debug|Any CPU.ActiveCfg = Debug|Any CPU
		{4E7DF055-41E4-4009-8520-8B758ED2C7F3}.Debug|Any CPU.Build.0 = Debug|Any CPU
		{4E7DF055-41E4-4009-8520-8B758ED2C7F3}.Release|Any CPU.ActiveCfg = Release|Any CPU
		{4E7DF055-41E4-4009-8520-8B758ED2C7F3}.Release|Any CPU.Build.0 = Release|Any CPU
		{490CD556-FD47-456A-A2CC-C856BBD7014F}.Debug|Any CPU.ActiveCfg = Debug|Any CPU
		{490CD556-FD47-456A-A2CC-C856BBD7014F}.Debug|Any CPU.Build.0 = Debug|Any CPU
		{490CD556-FD47-456A-A2CC-C856BBD7014F}.Release|Any CPU.ActiveCfg = Release|Any CPU
		{490CD556-FD47-456A-A2CC-C856BBD7014F}.Release|Any CPU.Build.0 = Release|Any CPU
		{0FFED749-540F-4B77-AB81-1F8DE68EBCF7}.Debug|Any CPU.ActiveCfg = Debug|Any CPU
		{0FFED749-540F-4B77-AB81-1F8DE68EBCF7}.Debug|Any CPU.Build.0 = Debug|Any CPU
		{0FFED749-540F-4B77-AB81-1F8DE68EBCF7}.Release|Any CPU.ActiveCfg = Release|Any CPU
		{0FFED749-540F-4B77-AB81-1F8DE68EBCF7}.Release|Any CPU.Build.0 = Release|Any CPU
		{84F6346E-DA85-411B-835D-CA279BEE7697}.Debug|Any CPU.ActiveCfg = Debug|Any CPU
		{84F6346E-DA85-411B-835D-CA279BEE7697}.Debug|Any CPU.Build.0 = Debug|Any CPU
		{84F6346E-DA85-411B-835D-CA279BEE7697}.Release|Any CPU.ActiveCfg = Release|Any CPU
		{84F6346E-DA85-411B-835D-CA279BEE7697}.Release|Any CPU.Build.0 = Release|Any CPU
		{7BE6D8F6-4192-43C5-AE06-83E1DDF63213}.Debug|Any CPU.ActiveCfg = Debug|Any CPU
		{7BE6D8F6-4192-43C5-AE06-83E1DDF63213}.Debug|Any CPU.Build.0 = Debug|Any CPU
		{7BE6D8F6-4192-43C5-AE06-83E1DDF63213}.Release|Any CPU.ActiveCfg = Release|Any CPU
		{7BE6D8F6-4192-43C5-AE06-83E1DDF63213}.Release|Any CPU.Build.0 = Release|Any CPU
		{82D5BA02-5CFA-4406-A2A5-804475A2AA55}.Debug|Any CPU.ActiveCfg = Debug|Any CPU
		{82D5BA02-5CFA-4406-A2A5-804475A2AA55}.Debug|Any CPU.Build.0 = Debug|Any CPU
		{82D5BA02-5CFA-4406-A2A5-804475A2AA55}.Release|Any CPU.ActiveCfg = Release|Any CPU
		{82D5BA02-5CFA-4406-A2A5-804475A2AA55}.Release|Any CPU.Build.0 = Release|Any CPU
		{349E3E1E-7DDA-456B-A564-6A90AC268C10}.Debug|Any CPU.ActiveCfg = Debug|Any CPU
		{349E3E1E-7DDA-456B-A564-6A90AC268C10}.Debug|Any CPU.Build.0 = Debug|Any CPU
		{349E3E1E-7DDA-456B-A564-6A90AC268C10}.Release|Any CPU.ActiveCfg = Release|Any CPU
		{349E3E1E-7DDA-456B-A564-6A90AC268C10}.Release|Any CPU.Build.0 = Release|Any CPU
		{DD0202C3-6C69-4597-B407-FD6B5A6E5323}.Debug|Any CPU.ActiveCfg = Debug|Any CPU
		{DD0202C3-6C69-4597-B407-FD6B5A6E5323}.Debug|Any CPU.Build.0 = Debug|Any CPU
		{DD0202C3-6C69-4597-B407-FD6B5A6E5323}.Release|Any CPU.ActiveCfg = Release|Any CPU
		{DD0202C3-6C69-4597-B407-FD6B5A6E5323}.Release|Any CPU.Build.0 = Release|Any CPU
		{2A7B3E47-5512-45F0-8E39-5788DA0DDEFD}.Debug|Any CPU.ActiveCfg = Debug|Any CPU
		{2A7B3E47-5512-45F0-8E39-5788DA0DDEFD}.Debug|Any CPU.Build.0 = Debug|Any CPU
		{2A7B3E47-5512-45F0-8E39-5788DA0DDEFD}.Release|Any CPU.ActiveCfg = Release|Any CPU
		{2A7B3E47-5512-45F0-8E39-5788DA0DDEFD}.Release|Any CPU.Build.0 = Release|Any CPU
		{1084E8EF-135A-4C4E-9FF4-8F71469C43C2}.Debug|Any CPU.ActiveCfg = Debug|Any CPU
		{1084E8EF-135A-4C4E-9FF4-8F71469C43C2}.Debug|Any CPU.Build.0 = Debug|Any CPU
		{1084E8EF-135A-4C4E-9FF4-8F71469C43C2}.Release|Any CPU.ActiveCfg = Release|Any CPU
		{1084E8EF-135A-4C4E-9FF4-8F71469C43C2}.Release|Any CPU.Build.0 = Release|Any CPU
		{65647916-0A04-4C80-96C2-9D39E6376F13}.Debug|Any CPU.ActiveCfg = Debug|Any CPU
		{65647916-0A04-4C80-96C2-9D39E6376F13}.Debug|Any CPU.Build.0 = Debug|Any CPU
		{65647916-0A04-4C80-96C2-9D39E6376F13}.Release|Any CPU.ActiveCfg = Release|Any CPU
		{65647916-0A04-4C80-96C2-9D39E6376F13}.Release|Any CPU.Build.0 = Release|Any CPU
		{ABE9BBEB-0197-401B-87B2-C6454B8A77F8}.Debug|Any CPU.ActiveCfg = Debug|Any CPU
		{ABE9BBEB-0197-401B-87B2-C6454B8A77F8}.Debug|Any CPU.Build.0 = Debug|Any CPU
		{ABE9BBEB-0197-401B-87B2-C6454B8A77F8}.Release|Any CPU.ActiveCfg = Release|Any CPU
		{ABE9BBEB-0197-401B-87B2-C6454B8A77F8}.Release|Any CPU.Build.0 = Release|Any CPU
		{CD2C902E-8D02-4A15-9372-FD39F14A71AF}.Debug|Any CPU.ActiveCfg = Debug|Any CPU
		{CD2C902E-8D02-4A15-9372-FD39F14A71AF}.Debug|Any CPU.Build.0 = Debug|Any CPU
		{CD2C902E-8D02-4A15-9372-FD39F14A71AF}.Release|Any CPU.ActiveCfg = Release|Any CPU
		{CD2C902E-8D02-4A15-9372-FD39F14A71AF}.Release|Any CPU.Build.0 = Release|Any CPU
		{1EFB72AB-F511-49FD-B6F2-8F16EDC8F89F}.Debug|Any CPU.ActiveCfg = Debug|Any CPU
		{1EFB72AB-F511-49FD-B6F2-8F16EDC8F89F}.Debug|Any CPU.Build.0 = Debug|Any CPU
		{1EFB72AB-F511-49FD-B6F2-8F16EDC8F89F}.Release|Any CPU.ActiveCfg = Release|Any CPU
		{1EFB72AB-F511-49FD-B6F2-8F16EDC8F89F}.Release|Any CPU.Build.0 = Release|Any CPU
		{687B82F2-0F2A-41FD-9598-43D47DA070C3}.Debug|Any CPU.ActiveCfg = Debug|Any CPU
		{687B82F2-0F2A-41FD-9598-43D47DA070C3}.Debug|Any CPU.Build.0 = Debug|Any CPU
		{687B82F2-0F2A-41FD-9598-43D47DA070C3}.Release|Any CPU.ActiveCfg = Release|Any CPU
		{687B82F2-0F2A-41FD-9598-43D47DA070C3}.Release|Any CPU.Build.0 = Release|Any CPU
		{B27291CC-F351-4339-9C9E-4DB6D5BCC4B9}.Debug|Any CPU.ActiveCfg = Debug|Any CPU
		{B27291CC-F351-4339-9C9E-4DB6D5BCC4B9}.Debug|Any CPU.Build.0 = Debug|Any CPU
		{B27291CC-F351-4339-9C9E-4DB6D5BCC4B9}.Release|Any CPU.ActiveCfg = Release|Any CPU
		{B27291CC-F351-4339-9C9E-4DB6D5BCC4B9}.Release|Any CPU.Build.0 = Release|Any CPU
		{C169153B-3171-45E2-8EA2-AFEF1716D4DA}.Debug|Any CPU.ActiveCfg = Debug|Any CPU
		{C169153B-3171-45E2-8EA2-AFEF1716D4DA}.Debug|Any CPU.Build.0 = Debug|Any CPU
		{C169153B-3171-45E2-8EA2-AFEF1716D4DA}.Release|Any CPU.ActiveCfg = Release|Any CPU
		{C169153B-3171-45E2-8EA2-AFEF1716D4DA}.Release|Any CPU.Build.0 = Release|Any CPU
		{0076861C-65B6-4513-AC32-5BE48A57847F}.Debug|Any CPU.ActiveCfg = Debug|Any CPU
		{0076861C-65B6-4513-AC32-5BE48A57847F}.Debug|Any CPU.Build.0 = Debug|Any CPU
		{0076861C-65B6-4513-AC32-5BE48A57847F}.Release|Any CPU.ActiveCfg = Release|Any CPU
		{0076861C-65B6-4513-AC32-5BE48A57847F}.Release|Any CPU.Build.0 = Release|Any CPU
		{D13AD768-FDDA-44D1-8F7F-9A363B1FBCE8}.Debug|Any CPU.ActiveCfg = Debug|Any CPU
		{D13AD768-FDDA-44D1-8F7F-9A363B1FBCE8}.Debug|Any CPU.Build.0 = Debug|Any CPU
		{D13AD768-FDDA-44D1-8F7F-9A363B1FBCE8}.Release|Any CPU.ActiveCfg = Release|Any CPU
		{D13AD768-FDDA-44D1-8F7F-9A363B1FBCE8}.Release|Any CPU.Build.0 = Release|Any CPU
		{727B353D-69C6-4B23-99E7-2A8AEADEA4BC}.Debug|Any CPU.ActiveCfg = Debug|Any CPU
		{727B353D-69C6-4B23-99E7-2A8AEADEA4BC}.Debug|Any CPU.Build.0 = Debug|Any CPU
		{727B353D-69C6-4B23-99E7-2A8AEADEA4BC}.Release|Any CPU.ActiveCfg = Release|Any CPU
		{727B353D-69C6-4B23-99E7-2A8AEADEA4BC}.Release|Any CPU.Build.0 = Release|Any CPU
		{F5368184-8A21-409B-B3EE-20FF2DF83C2E}.Debug|Any CPU.ActiveCfg = Debug|Any CPU
		{F5368184-8A21-409B-B3EE-20FF2DF83C2E}.Debug|Any CPU.Build.0 = Debug|Any CPU
		{F5368184-8A21-409B-B3EE-20FF2DF83C2E}.Release|Any CPU.ActiveCfg = Release|Any CPU
		{F5368184-8A21-409B-B3EE-20FF2DF83C2E}.Release|Any CPU.Build.0 = Release|Any CPU
		{05B63666-1463-417C-A90B-F5B13E17E7A8}.Debug|Any CPU.ActiveCfg = Debug|Any CPU
		{05B63666-1463-417C-A90B-F5B13E17E7A8}.Debug|Any CPU.Build.0 = Debug|Any CPU
		{05B63666-1463-417C-A90B-F5B13E17E7A8}.Release|Any CPU.ActiveCfg = Release|Any CPU
		{05B63666-1463-417C-A90B-F5B13E17E7A8}.Release|Any CPU.Build.0 = Release|Any CPU
		{9879E44F-8ADA-404A-8946-8E8BBB6B6311}.Debug|Any CPU.ActiveCfg = Debug|Any CPU
		{9879E44F-8ADA-404A-8946-8E8BBB6B6311}.Debug|Any CPU.Build.0 = Debug|Any CPU
		{9879E44F-8ADA-404A-8946-8E8BBB6B6311}.Release|Any CPU.ActiveCfg = Release|Any CPU
		{9879E44F-8ADA-404A-8946-8E8BBB6B6311}.Release|Any CPU.Build.0 = Release|Any CPU
		{2F2CFEFF-B646-483F-95F4-7E3C15B25A1A}.Debug|Any CPU.ActiveCfg = Debug|Any CPU
		{2F2CFEFF-B646-483F-95F4-7E3C15B25A1A}.Debug|Any CPU.Build.0 = Debug|Any CPU
		{2F2CFEFF-B646-483F-95F4-7E3C15B25A1A}.Release|Any CPU.ActiveCfg = Release|Any CPU
		{2F2CFEFF-B646-483F-95F4-7E3C15B25A1A}.Release|Any CPU.Build.0 = Release|Any CPU
		{64582B0C-3947-41DD-A6D9-F2C43D4867B2}.Debug|Any CPU.ActiveCfg = Debug|Any CPU
		{64582B0C-3947-41DD-A6D9-F2C43D4867B2}.Debug|Any CPU.Build.0 = Debug|Any CPU
		{64582B0C-3947-41DD-A6D9-F2C43D4867B2}.Release|Any CPU.ActiveCfg = Release|Any CPU
		{64582B0C-3947-41DD-A6D9-F2C43D4867B2}.Release|Any CPU.Build.0 = Release|Any CPU
		{21FCCAD6-A599-4D30-8ED9-8F950AC0C5D6}.Debug|Any CPU.ActiveCfg = Debug|Any CPU
		{21FCCAD6-A599-4D30-8ED9-8F950AC0C5D6}.Debug|Any CPU.Build.0 = Debug|Any CPU
		{21FCCAD6-A599-4D30-8ED9-8F950AC0C5D6}.Release|Any CPU.ActiveCfg = Release|Any CPU
		{21FCCAD6-A599-4D30-8ED9-8F950AC0C5D6}.Release|Any CPU.Build.0 = Release|Any CPU
		{0120A72A-AB19-4728-BF82-3919C01D7082}.Debug|Any CPU.ActiveCfg = Debug|Any CPU
		{0120A72A-AB19-4728-BF82-3919C01D7082}.Debug|Any CPU.Build.0 = Debug|Any CPU
		{0120A72A-AB19-4728-BF82-3919C01D7082}.Release|Any CPU.ActiveCfg = Release|Any CPU
		{0120A72A-AB19-4728-BF82-3919C01D7082}.Release|Any CPU.Build.0 = Release|Any CPU
		{436597EC-3F6B-400E-A74D-B783016AFB38}.Debug|Any CPU.ActiveCfg = Debug|Any CPU
		{436597EC-3F6B-400E-A74D-B783016AFB38}.Debug|Any CPU.Build.0 = Debug|Any CPU
		{436597EC-3F6B-400E-A74D-B783016AFB38}.Release|Any CPU.ActiveCfg = Release|Any CPU
		{436597EC-3F6B-400E-A74D-B783016AFB38}.Release|Any CPU.Build.0 = Release|Any CPU
		{79B41A6E-A53E-4290-93E7-B6DF912C733C}.Debug|Any CPU.ActiveCfg = Debug|Any CPU
		{79B41A6E-A53E-4290-93E7-B6DF912C733C}.Debug|Any CPU.Build.0 = Debug|Any CPU
		{79B41A6E-A53E-4290-93E7-B6DF912C733C}.Release|Any CPU.ActiveCfg = Release|Any CPU
		{79B41A6E-A53E-4290-93E7-B6DF912C733C}.Release|Any CPU.Build.0 = Release|Any CPU
	EndGlobalSection
	GlobalSection(SolutionProperties) = preSolution
		HideSolutionNode = FALSE
	EndGlobalSection
	GlobalSection(ExtensibilityGlobals) = postSolution
		SolutionGuid = {65011ADF-46BA-46E3-AACD-DAE97B45DDCA}
	EndGlobalSection
EndGlobal
