
Microsoft Visual Studio Solution File, Format Version 12.00
# Visual Studio Version 17
VisualStudioVersion = 17.2.32630.192
MinimumVisualStudioVersion = 10.0.40219.1
Project("{9A19103F-16F7-4668-BE54-9A1E7A4F7556}") = "R5T.F0041", "R5T.F0041\R5T.F0041.csproj", "{3CB8319B-45D8-4A9F-B661-238748FD3F95}"
EndProject
Project("{2150E333-8FDC-42A3-9474-1A3956D46DE8}") = "_Dependencies", "_Dependencies", "{3C20F7D5-941A-43BC-9839-7CE2ABFFDC7C}"
EndProject
Project("{9A19103F-16F7-4668-BE54-9A1E7A4F7556}") = "R5T.T0132", "..\..\R5T.T0132\source\R5T.T0132\R5T.T0132.csproj", "{E45A566D-C3A3-4206-BE7C-5A78E385C07A}"
EndProject
Project("{9A19103F-16F7-4668-BE54-9A1E7A4F7556}") = "R5T.NG0005", "..\..\R5T.NG0005\source\R5T.NG0005\R5T.NG0005.csproj", "{81F17662-A731-4D2F-969E-8A06EA744BD8}"
EndProject
Project("{9A19103F-16F7-4668-BE54-9A1E7A4F7556}") = "R5T.T0142", "..\..\R5T.T0142\source\R5T.T0142\R5T.T0142.csproj", "{DAB30F1B-964A-4604-A1D5-F5D373DCF6B5}"
EndProject
Project("{9A19103F-16F7-4668-BE54-9A1E7A4F7556}") = "R5T.T0131", "..\..\R5T.T0131\source\R5T.T0131\R5T.T0131.csproj", "{FC1BE3F4-E7FC-4AC4-80B5-45371E9CB7BC}"
EndProject
Project("{9A19103F-16F7-4668-BE54-9A1E7A4F7556}") = "R5T.F0002", "..\..\R5T.F0002\source\R5T.F0002\R5T.F0002.csproj", "{5D31F0F5-97A9-4EB9-8260-1012B3BF756C}"
EndProject
Project("{9A19103F-16F7-4668-BE54-9A1E7A4F7556}") = "R5T.T0144", "..\..\R5T.T0144\source\R5T.T0144\R5T.T0144.csproj", "{9310D7E3-9635-428C-9891-001293CCF6A8}"
EndProject
Project("{9A19103F-16F7-4668-BE54-9A1E7A4F7556}") = "R5T.F0032", "..\..\R5T.F0032\source\R5T.F0032\R5T.F0032.csproj", "{1DA1CB59-AA40-4561-94C3-11CB382CFB83}"
EndProject
Project("{9A19103F-16F7-4668-BE54-9A1E7A4F7556}") = "R5T.NG0003", "..\..\R5T.NG0003\source\R5T.NG0003\R5T.NG0003.csproj", "{7F247A1D-4989-4FEE-A605-A2033392DAC8}"
EndProject
Project("{9A19103F-16F7-4668-BE54-9A1E7A4F7556}") = "R5T.F0019", "..\..\R5T.F0019\source\R5T.F0019\R5T.F0019.csproj", "{0B39F2BC-FCA1-40EA-B95A-62E0926633B6}"
EndProject
Project("{9A19103F-16F7-4668-BE54-9A1E7A4F7556}") = "R5T.T0046", "..\..\R5T.T0046\source\R5T.T0046\R5T.T0046.csproj", "{889C2186-7762-4865-AA5A-AA341E8812B9}"
EndProject
Project("{9A19103F-16F7-4668-BE54-9A1E7A4F7556}") = "R5T.F0000", "..\..\R5T.F0000\source\R5T.F0000\R5T.F0000.csproj", "{4FAE5AEE-78F9-4010-BC5B-A8EF10E16351}"
EndProject
Project("{9A19103F-16F7-4668-BE54-9A1E7A4F7556}") = "R5T.T0143", "..\..\R5T.T0143\source\R5T.T0143\R5T.T0143.csproj", "{D2781586-C86F-4F5F-A3BE-BAE3DE275D6A}"
EndProject
Project("{9A19103F-16F7-4668-BE54-9A1E7A4F7556}") = "R5T.Z0000", "..\..\R5T.Z0000\source\R5T.Z0000\R5T.Z0000.csproj", "{65FDAE04-802F-42D5-AC4E-9FA512A37458}"
EndProject
Project("{9A19103F-16F7-4668-BE54-9A1E7A4F7556}") = "R5T.Y0000", "..\..\R5T.Y0000\source\R5T.Y0000\R5T.Y0000.csproj", "{1A8101C8-B023-4EC2-9900-7989F345C45B}"
EndProject
Project("{9A19103F-16F7-4668-BE54-9A1E7A4F7556}") = "R5T.L0001.Y000", "..\..\R5T.L0001\source\R5T.L0001.Y000\R5T.L0001.Y000.csproj", "{4400F32F-5914-4148-8109-239E6231C927}"
EndProject
Project("{9A19103F-16F7-4668-BE54-9A1E7A4F7556}") = "R5T.L0001.Z000", "..\..\R5T.L0001\source\R5T.L0001.Z000\R5T.L0001.Z000.csproj", "{891F1EE3-D26B-4684-B4FC-B0B41511ECDD}"
EndProject
Project("{9A19103F-16F7-4668-BE54-9A1E7A4F7556}") = "R5T.L0001", "..\..\R5T.L0001\source\R5T.L0001\R5T.L0001.csproj", "{02DB82C7-6F0F-41DE-A493-B83D7C8EA90F}"
EndProject
Project("{9A19103F-16F7-4668-BE54-9A1E7A4F7556}") = "R5T.Magyar", "..\..\R5T.Magyar\source\R5T.Magyar\R5T.Magyar.csproj", "{6E66E964-718A-434B-A6C5-1DDCB265CA31}"
EndProject
Project("{9A19103F-16F7-4668-BE54-9A1E7A4F7556}") = "R5T.Y0004", "..\..\R5T.Y0004\source\R5T.Y0004\R5T.Y0004.csproj", "{A677BC9D-23FF-407F-91D2-8889D2BC7291}"
EndProject
Project("{9A19103F-16F7-4668-BE54-9A1E7A4F7556}") = "R5T.Z0005", "..\..\R5T.Z0005\source\R5T.Z0005\R5T.Z0005.csproj", "{F6400397-0F32-48DF-8C80-5DC4E86178BE}"
EndProject
Project("{9A19103F-16F7-4668-BE54-9A1E7A4F7556}") = "R5T.L0019", "..\..\R5T.L0019\source\R5T.L0019\R5T.L0019.csproj", "{B355757F-765B-47F0-AA11-A823B7EA2835}"
EndProject
Project("{9A19103F-16F7-4668-BE54-9A1E7A4F7556}") = "R5T.S0043.Library", "..\..\R5T.S0043\source\R5T.S0043.Library\R5T.S0043.Library.csproj", "{60BABA26-4865-48A1-8EE9-5E88445293DB}"
EndProject
Project("{9A19103F-16F7-4668-BE54-9A1E7A4F7556}") = "R5T.F0044", "..\..\R5T.F0044\source\R5T.F0044\R5T.F0044.csproj", "{B08ED4E4-6324-445D-867E-DA8A9748918F}"
EndProject
Project("{9A19103F-16F7-4668-BE54-9A1E7A4F7556}") = "R5T.F0046", "..\..\R5T.F0046\source\R5T.F0046\R5T.F0046.csproj", "{A69F6FA0-AFA5-4FD0-8791-CE1F41BB0E80}"
EndProject
Project("{9A19103F-16F7-4668-BE54-9A1E7A4F7556}") = "R5T.F0047", "..\..\R5T.F0047\source\R5T.F0047\R5T.F0047.csproj", "{547E46FC-9B9A-428F-9216-31BBCAE209FE}"
EndProject
Project("{9A19103F-16F7-4668-BE54-9A1E7A4F7556}") = "R5T.F0057", "..\..\R5T.F0057\source\R5T.F0057\R5T.F0057.csproj", "{5A4A67FD-CF65-4D4F-9F6B-59686D3C8487}"
EndProject
Project("{9A19103F-16F7-4668-BE54-9A1E7A4F7556}") = "R5T.NG0006", "..\..\R5T.NG0006\source\R5T.NG0006\R5T.NG0006.csproj", "{A9D9E724-EC6D-4B6C-B034-3448E673684B}"
EndProject
Project("{9A19103F-16F7-4668-BE54-9A1E7A4F7556}") = "R5T.NG0008", "..\..\R5T.NG0008\source\R5T.NG0008\R5T.NG0008.csproj", "{085A61FE-67E7-4DB8-9A90-5315AD813083}"
EndProject
Project("{9A19103F-16F7-4668-BE54-9A1E7A4F7556}") = "R5T.T0156", "..\..\R5T.T0156\source\R5T.T0156\R5T.T0156.csproj", "{AF0483E0-7F91-49B4-93F8-881764D590C4}"
EndProject
Project("{9A19103F-16F7-4668-BE54-9A1E7A4F7556}") = "R5T.T0209", "..\..\R5T.T0209\source\R5T.T0209\R5T.T0209.csproj", "{5A294E42-31F6-49CB-B4F4-696D064CFBEB}"
EndProject
Project("{9A19103F-16F7-4668-BE54-9A1E7A4F7556}") = "R5T.Z0013", "..\..\R5T.Z0013\source\R5T.Z0013\R5T.Z0013.csproj", "{F3B615A8-430B-4849-990F-C3890AADFF82}"
EndProject
Project("{9A19103F-16F7-4668-BE54-9A1E7A4F7556}") = "R5T.F0120", "..\..\R5T.F0120\source\R5T.F0120\R5T.F0120.csproj", "{D6341B7B-788A-4907-AD44-FCE0442E140A}"
EndProject
Project("{9A19103F-16F7-4668-BE54-9A1E7A4F7556}") = "R5T.F0124", "..\..\R5T.F0124\source\R5T.F0124\R5T.F0124.csproj", "{8F9056C6-8EC0-455B-9153-55EB862CD6D1}"
EndProject
Project("{9A19103F-16F7-4668-BE54-9A1E7A4F7556}") = "R5T.L0053", "..\..\R5T.L0053\source\R5T.L0053\R5T.L0053.csproj", "{6A16EAEA-23F2-473B-A255-3994E37639DF}"
EndProject
Project("{9A19103F-16F7-4668-BE54-9A1E7A4F7556}") = "R5T.L0066", "..\..\R5T.L0066\source\R5T.L0066\R5T.L0066.csproj", "{88CBDDCE-EB3B-4101-B306-67348F7A5FCE}"
EndProject
Project("{9A19103F-16F7-4668-BE54-9A1E7A4F7556}") = "R5T.L0071", "..\..\R5T.L0071\source\R5T.L0071\R5T.L0071.csproj", "{5384BBAC-AC06-4693-B267-E551D4FC8A13}"
EndProject
Project("{9A19103F-16F7-4668-BE54-9A1E7A4F7556}") = "R5T.L0072", "..\..\R5T.L0072\source\R5T.L0072\R5T.L0072.csproj", "{594922F9-D713-456B-9330-4DB34E997405}"
EndProject
Project("{9A19103F-16F7-4668-BE54-9A1E7A4F7556}") = "R5T.L0083.F001", "..\..\R5T.L0083\source\R5T.L0083.F001\R5T.L0083.F001.csproj", "{6F187B97-F271-4189-9899-FCD280935F3A}"
EndProject
Project("{9A19103F-16F7-4668-BE54-9A1E7A4F7556}") = "R5T.L0089.F000", "..\..\R5T.L0089\source\R5T.L0089.F000\R5T.L0089.F000.csproj", "{0321CE42-7A4F-4E58-9F76-348E813ECD93}"
EndProject
Project("{9A19103F-16F7-4668-BE54-9A1E7A4F7556}") = "R5T.L0089.T000", "..\..\R5T.L0089\source\R5T.L0089.T000\R5T.L0089.T000.csproj", "{197F81DF-66FD-45DE-95B1-4453DB0B3ACA}"
EndProject
Project("{9A19103F-16F7-4668-BE54-9A1E7A4F7556}") = "R5T.L0089", "..\..\R5T.L0089\source\R5T.L0089\R5T.L0089.csproj", "{5AE5D3C6-DF28-4E65-A097-DEEB6F932DEA}"
EndProject
Project("{9A19103F-16F7-4668-BE54-9A1E7A4F7556}") = "R5T.NG0022", "..\..\R5T.NG0022\source\R5T.NG0022\R5T.NG0022.csproj", "{51DEDEA8-4FB2-4C4E-AF19-360B47EFC5F4}"
EndProject
Project("{9A19103F-16F7-4668-BE54-9A1E7A4F7556}") = "R5T.NG0023", "..\..\R5T.NG0023\source\R5T.NG0023\R5T.NG0023.csproj", "{95088AEA-A589-478C-9C16-C0782C866738}"
EndProject
Project("{9A19103F-16F7-4668-BE54-9A1E7A4F7556}") = "R5T.T0174", "..\..\R5T.T0174\source\R5T.T0174\R5T.T0174.csproj", "{BBEC27A1-FB85-463A-A14C-C4B8F83CECE0}"
EndProject
Project("{9A19103F-16F7-4668-BE54-9A1E7A4F7556}") = "R5T.T0176", "..\..\R5T.T0176\source\R5T.T0176\R5T.T0176.csproj", "{0DC729B7-21B4-4FCC-8BE6-ED849A424D72}"
EndProject
Project("{9A19103F-16F7-4668-BE54-9A1E7A4F7556}") = "R5T.T0177", "..\..\R5T.T0177\source\R5T.T0177\R5T.T0177.csproj", "{0F8FE84F-6CAF-48F2-A0D0-2F34DB1DB00F}"
EndProject
Project("{9A19103F-16F7-4668-BE54-9A1E7A4F7556}") = "R5T.T0178", "..\..\R5T.T0178\source\R5T.T0178\R5T.T0178.csproj", "{46F7D78A-691F-4969-A8AD-7AE4EE679B04}"
EndProject
Project("{9A19103F-16F7-4668-BE54-9A1E7A4F7556}") = "R5T.T0179", "..\..\R5T.T0179\source\R5T.T0179\R5T.T0179.csproj", "{E4F108AD-F33D-4D44-BB4D-8B1CCB48BE19}"
EndProject
Project("{9A19103F-16F7-4668-BE54-9A1E7A4F7556}") = "R5T.T0180", "..\..\R5T.T0180\source\R5T.T0180\R5T.T0180.csproj", "{66CAE1A3-3C48-452A-A445-E750BF117AD6}"
EndProject
Project("{9A19103F-16F7-4668-BE54-9A1E7A4F7556}") = "R5T.T0181", "..\..\R5T.T0181\source\R5T.T0181\R5T.T0181.csproj", "{C5F375EF-8A37-4CBF-A646-22E0AE270135}"
EndProject
Project("{9A19103F-16F7-4668-BE54-9A1E7A4F7556}") = "R5T.T0185", "..\..\R5T.T0185\source\R5T.T0185\R5T.T0185.csproj", "{425E58C6-1870-4550-8F5E-23012781A967}"
EndProject
Project("{9A19103F-16F7-4668-BE54-9A1E7A4F7556}") = "R5T.T0199.T000", "..\..\R5T.T0199\source\R5T.T0199.T000\R5T.T0199.T000.csproj", "{F391BF5F-85B1-4FAA-8546-E8C3E8D0A378}"
EndProject
Project("{9A19103F-16F7-4668-BE54-9A1E7A4F7556}") = "R5T.T0199.T001", "..\..\R5T.T0199\source\R5T.T0199.T001\R5T.T0199.T001.csproj", "{002F1106-DAB5-406C-9DE6-B046B93B0FCD}"
EndProject
Project("{9A19103F-16F7-4668-BE54-9A1E7A4F7556}") = "R5T.T0199", "..\..\R5T.T0199\source\R5T.T0199\R5T.T0199.csproj", "{07426716-F11F-4A10-9814-0D09DDA7754F}"
EndProject
Project("{9A19103F-16F7-4668-BE54-9A1E7A4F7556}") = "R5T.T0220", "..\..\R5T.T0220\source\R5T.T0220\R5T.T0220.csproj", "{2D675A87-B9A6-4B5D-ABCB-6B12785D4D51}"
EndProject
Project("{9A19103F-16F7-4668-BE54-9A1E7A4F7556}") = "R5T.T0221", "..\..\R5T.T0221\source\R5T.T0221\R5T.T0221.csproj", "{D0E97BFB-6A42-4E54-8601-A6D75DBEECBD}"
EndProject
Project("{9A19103F-16F7-4668-BE54-9A1E7A4F7556}") = "R5T.Y0006", "..\..\R5T.Y0006\source\R5T.Y0006\R5T.Y0006.csproj", "{C6C46FF4-11AC-47FA-A089-C186B9EE1F55}"
EndProject
Project("{9A19103F-16F7-4668-BE54-9A1E7A4F7556}") = "R5T.Z0010.Platform", "..\..\R5T.Z0010\source\R5T.Z0010.Platform\R5T.Z0010.Platform.csproj", "{39296313-89A5-4490-966B-249E99800C72}"
EndProject
Global
	GlobalSection(NestedProjects) = preSolution
		{E45A566D-C3A3-4206-BE7C-5A78E385C07A} = {3C20F7D5-941A-43BC-9839-7CE2ABFFDC7C}
		{81F17662-A731-4D2F-969E-8A06EA744BD8} = {3C20F7D5-941A-43BC-9839-7CE2ABFFDC7C}
		{DAB30F1B-964A-4604-A1D5-F5D373DCF6B5} = {3C20F7D5-941A-43BC-9839-7CE2ABFFDC7C}
		{FC1BE3F4-E7FC-4AC4-80B5-45371E9CB7BC} = {3C20F7D5-941A-43BC-9839-7CE2ABFFDC7C}
		{5D31F0F5-97A9-4EB9-8260-1012B3BF756C} = {3C20F7D5-941A-43BC-9839-7CE2ABFFDC7C}
		{9310D7E3-9635-428C-9891-001293CCF6A8} = {3C20F7D5-941A-43BC-9839-7CE2ABFFDC7C}
		{1DA1CB59-AA40-4561-94C3-11CB382CFB83} = {3C20F7D5-941A-43BC-9839-7CE2ABFFDC7C}
		{7F247A1D-4989-4FEE-A605-A2033392DAC8} = {3C20F7D5-941A-43BC-9839-7CE2ABFFDC7C}
		{0B39F2BC-FCA1-40EA-B95A-62E0926633B6} = {3C20F7D5-941A-43BC-9839-7CE2ABFFDC7C}
		{889C2186-7762-4865-AA5A-AA341E8812B9} = {3C20F7D5-941A-43BC-9839-7CE2ABFFDC7C}
		{4FAE5AEE-78F9-4010-BC5B-A8EF10E16351} = {3C20F7D5-941A-43BC-9839-7CE2ABFFDC7C}
		{D2781586-C86F-4F5F-A3BE-BAE3DE275D6A} = {3C20F7D5-941A-43BC-9839-7CE2ABFFDC7C}
		{65FDAE04-802F-42D5-AC4E-9FA512A37458} = {3C20F7D5-941A-43BC-9839-7CE2ABFFDC7C}
		{1A8101C8-B023-4EC2-9900-7989F345C45B} = {3C20F7D5-941A-43BC-9839-7CE2ABFFDC7C}
		{4400F32F-5914-4148-8109-239E6231C927} = {3C20F7D5-941A-43BC-9839-7CE2ABFFDC7C}
		{891F1EE3-D26B-4684-B4FC-B0B41511ECDD} = {3C20F7D5-941A-43BC-9839-7CE2ABFFDC7C}
		{02DB82C7-6F0F-41DE-A493-B83D7C8EA90F} = {3C20F7D5-941A-43BC-9839-7CE2ABFFDC7C}
		{6E66E964-718A-434B-A6C5-1DDCB265CA31} = {3C20F7D5-941A-43BC-9839-7CE2ABFFDC7C}
		{A677BC9D-23FF-407F-91D2-8889D2BC7291} = {3C20F7D5-941A-43BC-9839-7CE2ABFFDC7C}
		{F6400397-0F32-48DF-8C80-5DC4E86178BE} = {3C20F7D5-941A-43BC-9839-7CE2ABFFDC7C}
		{B355757F-765B-47F0-AA11-A823B7EA2835} = {3C20F7D5-941A-43BC-9839-7CE2ABFFDC7C}
		{60BABA26-4865-48A1-8EE9-5E88445293DB} = {3C20F7D5-941A-43BC-9839-7CE2ABFFDC7C}
		{B08ED4E4-6324-445D-867E-DA8A9748918F} = {3C20F7D5-941A-43BC-9839-7CE2ABFFDC7C}
		{A69F6FA0-AFA5-4FD0-8791-CE1F41BB0E80} = {3C20F7D5-941A-43BC-9839-7CE2ABFFDC7C}
		{547E46FC-9B9A-428F-9216-31BBCAE209FE} = {3C20F7D5-941A-43BC-9839-7CE2ABFFDC7C}
		{5A4A67FD-CF65-4D4F-9F6B-59686D3C8487} = {3C20F7D5-941A-43BC-9839-7CE2ABFFDC7C}
		{A9D9E724-EC6D-4B6C-B034-3448E673684B} = {3C20F7D5-941A-43BC-9839-7CE2ABFFDC7C}
		{085A61FE-67E7-4DB8-9A90-5315AD813083} = {3C20F7D5-941A-43BC-9839-7CE2ABFFDC7C}
		{AF0483E0-7F91-49B4-93F8-881764D590C4} = {3C20F7D5-941A-43BC-9839-7CE2ABFFDC7C}
		{5A294E42-31F6-49CB-B4F4-696D064CFBEB} = {3C20F7D5-941A-43BC-9839-7CE2ABFFDC7C}
		{F3B615A8-430B-4849-990F-C3890AADFF82} = {3C20F7D5-941A-43BC-9839-7CE2ABFFDC7C}
		{D6341B7B-788A-4907-AD44-FCE0442E140A} = {3C20F7D5-941A-43BC-9839-7CE2ABFFDC7C}
		{8F9056C6-8EC0-455B-9153-55EB862CD6D1} = {3C20F7D5-941A-43BC-9839-7CE2ABFFDC7C}
		{6A16EAEA-23F2-473B-A255-3994E37639DF} = {3C20F7D5-941A-43BC-9839-7CE2ABFFDC7C}
		{88CBDDCE-EB3B-4101-B306-67348F7A5FCE} = {3C20F7D5-941A-43BC-9839-7CE2ABFFDC7C}
		{5384BBAC-AC06-4693-B267-E551D4FC8A13} = {3C20F7D5-941A-43BC-9839-7CE2ABFFDC7C}
		{594922F9-D713-456B-9330-4DB34E997405} = {3C20F7D5-941A-43BC-9839-7CE2ABFFDC7C}
		{6F187B97-F271-4189-9899-FCD280935F3A} = {3C20F7D5-941A-43BC-9839-7CE2ABFFDC7C}
		{0321CE42-7A4F-4E58-9F76-348E813ECD93} = {3C20F7D5-941A-43BC-9839-7CE2ABFFDC7C}
		{197F81DF-66FD-45DE-95B1-4453DB0B3ACA} = {3C20F7D5-941A-43BC-9839-7CE2ABFFDC7C}
		{5AE5D3C6-DF28-4E65-A097-DEEB6F932DEA} = {3C20F7D5-941A-43BC-9839-7CE2ABFFDC7C}
		{51DEDEA8-4FB2-4C4E-AF19-360B47EFC5F4} = {3C20F7D5-941A-43BC-9839-7CE2ABFFDC7C}
		{95088AEA-A589-478C-9C16-C0782C866738} = {3C20F7D5-941A-43BC-9839-7CE2ABFFDC7C}
		{BBEC27A1-FB85-463A-A14C-C4B8F83CECE0} = {3C20F7D5-941A-43BC-9839-7CE2ABFFDC7C}
		{0DC729B7-21B4-4FCC-8BE6-ED849A424D72} = {3C20F7D5-941A-43BC-9839-7CE2ABFFDC7C}
		{0F8FE84F-6CAF-48F2-A0D0-2F34DB1DB00F} = {3C20F7D5-941A-43BC-9839-7CE2ABFFDC7C}
		{46F7D78A-691F-4969-A8AD-7AE4EE679B04} = {3C20F7D5-941A-43BC-9839-7CE2ABFFDC7C}
		{E4F108AD-F33D-4D44-BB4D-8B1CCB48BE19} = {3C20F7D5-941A-43BC-9839-7CE2ABFFDC7C}
		{66CAE1A3-3C48-452A-A445-E750BF117AD6} = {3C20F7D5-941A-43BC-9839-7CE2ABFFDC7C}
		{C5F375EF-8A37-4CBF-A646-22E0AE270135} = {3C20F7D5-941A-43BC-9839-7CE2ABFFDC7C}
		{425E58C6-1870-4550-8F5E-23012781A967} = {3C20F7D5-941A-43BC-9839-7CE2ABFFDC7C}
		{F391BF5F-85B1-4FAA-8546-E8C3E8D0A378} = {3C20F7D5-941A-43BC-9839-7CE2ABFFDC7C}
		{002F1106-DAB5-406C-9DE6-B046B93B0FCD} = {3C20F7D5-941A-43BC-9839-7CE2ABFFDC7C}
		{07426716-F11F-4A10-9814-0D09DDA7754F} = {3C20F7D5-941A-43BC-9839-7CE2ABFFDC7C}
		{2D675A87-B9A6-4B5D-ABCB-6B12785D4D51} = {3C20F7D5-941A-43BC-9839-7CE2ABFFDC7C}
		{D0E97BFB-6A42-4E54-8601-A6D75DBEECBD} = {3C20F7D5-941A-43BC-9839-7CE2ABFFDC7C}
		{C6C46FF4-11AC-47FA-A089-C186B9EE1F55} = {3C20F7D5-941A-43BC-9839-7CE2ABFFDC7C}
		{39296313-89A5-4490-966B-249E99800C72} = {3C20F7D5-941A-43BC-9839-7CE2ABFFDC7C}
	EndGlobalSection
	GlobalSection(SolutionConfigurationPlatforms) = preSolution
		Debug|Any CPU = Debug|Any CPU
		Release|Any CPU = Release|Any CPU
	EndGlobalSection
	GlobalSection(ProjectConfigurationPlatforms) = postSolution
		{3CB8319B-45D8-4A9F-B661-238748FD3F95}.Debug|Any CPU.ActiveCfg = Debug|Any CPU
		{3CB8319B-45D8-4A9F-B661-238748FD3F95}.Debug|Any CPU.Build.0 = Debug|Any CPU
		{3CB8319B-45D8-4A9F-B661-238748FD3F95}.Release|Any CPU.ActiveCfg = Release|Any CPU
		{3CB8319B-45D8-4A9F-B661-238748FD3F95}.Release|Any CPU.Build.0 = Release|Any CPU
		{E45A566D-C3A3-4206-BE7C-5A78E385C07A}.Debug|Any CPU.ActiveCfg = Debug|Any CPU
		{E45A566D-C3A3-4206-BE7C-5A78E385C07A}.Debug|Any CPU.Build.0 = Debug|Any CPU
		{E45A566D-C3A3-4206-BE7C-5A78E385C07A}.Release|Any CPU.ActiveCfg = Release|Any CPU
		{E45A566D-C3A3-4206-BE7C-5A78E385C07A}.Release|Any CPU.Build.0 = Release|Any CPU
		{81F17662-A731-4D2F-969E-8A06EA744BD8}.Debug|Any CPU.ActiveCfg = Debug|Any CPU
		{81F17662-A731-4D2F-969E-8A06EA744BD8}.Debug|Any CPU.Build.0 = Debug|Any CPU
		{81F17662-A731-4D2F-969E-8A06EA744BD8}.Release|Any CPU.ActiveCfg = Release|Any CPU
		{81F17662-A731-4D2F-969E-8A06EA744BD8}.Release|Any CPU.Build.0 = Release|Any CPU
		{DAB30F1B-964A-4604-A1D5-F5D373DCF6B5}.Debug|Any CPU.ActiveCfg = Debug|Any CPU
		{DAB30F1B-964A-4604-A1D5-F5D373DCF6B5}.Debug|Any CPU.Build.0 = Debug|Any CPU
		{DAB30F1B-964A-4604-A1D5-F5D373DCF6B5}.Release|Any CPU.ActiveCfg = Release|Any CPU
		{DAB30F1B-964A-4604-A1D5-F5D373DCF6B5}.Release|Any CPU.Build.0 = Release|Any CPU
		{FC1BE3F4-E7FC-4AC4-80B5-45371E9CB7BC}.Debug|Any CPU.ActiveCfg = Debug|Any CPU
		{FC1BE3F4-E7FC-4AC4-80B5-45371E9CB7BC}.Debug|Any CPU.Build.0 = Debug|Any CPU
		{FC1BE3F4-E7FC-4AC4-80B5-45371E9CB7BC}.Release|Any CPU.ActiveCfg = Release|Any CPU
		{FC1BE3F4-E7FC-4AC4-80B5-45371E9CB7BC}.Release|Any CPU.Build.0 = Release|Any CPU
		{5D31F0F5-97A9-4EB9-8260-1012B3BF756C}.Debug|Any CPU.ActiveCfg = Debug|Any CPU
		{5D31F0F5-97A9-4EB9-8260-1012B3BF756C}.Debug|Any CPU.Build.0 = Debug|Any CPU
		{5D31F0F5-97A9-4EB9-8260-1012B3BF756C}.Release|Any CPU.ActiveCfg = Release|Any CPU
		{5D31F0F5-97A9-4EB9-8260-1012B3BF756C}.Release|Any CPU.Build.0 = Release|Any CPU
		{9310D7E3-9635-428C-9891-001293CCF6A8}.Debug|Any CPU.ActiveCfg = Debug|Any CPU
		{9310D7E3-9635-428C-9891-001293CCF6A8}.Debug|Any CPU.Build.0 = Debug|Any CPU
		{9310D7E3-9635-428C-9891-001293CCF6A8}.Release|Any CPU.ActiveCfg = Release|Any CPU
		{9310D7E3-9635-428C-9891-001293CCF6A8}.Release|Any CPU.Build.0 = Release|Any CPU
		{1DA1CB59-AA40-4561-94C3-11CB382CFB83}.Debug|Any CPU.ActiveCfg = Debug|Any CPU
		{1DA1CB59-AA40-4561-94C3-11CB382CFB83}.Debug|Any CPU.Build.0 = Debug|Any CPU
		{1DA1CB59-AA40-4561-94C3-11CB382CFB83}.Release|Any CPU.ActiveCfg = Release|Any CPU
		{1DA1CB59-AA40-4561-94C3-11CB382CFB83}.Release|Any CPU.Build.0 = Release|Any CPU
		{7F247A1D-4989-4FEE-A605-A2033392DAC8}.Debug|Any CPU.ActiveCfg = Debug|Any CPU
		{7F247A1D-4989-4FEE-A605-A2033392DAC8}.Debug|Any CPU.Build.0 = Debug|Any CPU
		{7F247A1D-4989-4FEE-A605-A2033392DAC8}.Release|Any CPU.ActiveCfg = Release|Any CPU
		{7F247A1D-4989-4FEE-A605-A2033392DAC8}.Release|Any CPU.Build.0 = Release|Any CPU
		{0B39F2BC-FCA1-40EA-B95A-62E0926633B6}.Debug|Any CPU.ActiveCfg = Debug|Any CPU
		{0B39F2BC-FCA1-40EA-B95A-62E0926633B6}.Debug|Any CPU.Build.0 = Debug|Any CPU
		{0B39F2BC-FCA1-40EA-B95A-62E0926633B6}.Release|Any CPU.ActiveCfg = Release|Any CPU
		{0B39F2BC-FCA1-40EA-B95A-62E0926633B6}.Release|Any CPU.Build.0 = Release|Any CPU
		{889C2186-7762-4865-AA5A-AA341E8812B9}.Debug|Any CPU.ActiveCfg = Debug|Any CPU
		{889C2186-7762-4865-AA5A-AA341E8812B9}.Debug|Any CPU.Build.0 = Debug|Any CPU
		{889C2186-7762-4865-AA5A-AA341E8812B9}.Release|Any CPU.ActiveCfg = Release|Any CPU
		{889C2186-7762-4865-AA5A-AA341E8812B9}.Release|Any CPU.Build.0 = Release|Any CPU
		{4FAE5AEE-78F9-4010-BC5B-A8EF10E16351}.Debug|Any CPU.ActiveCfg = Debug|Any CPU
		{4FAE5AEE-78F9-4010-BC5B-A8EF10E16351}.Debug|Any CPU.Build.0 = Debug|Any CPU
		{4FAE5AEE-78F9-4010-BC5B-A8EF10E16351}.Release|Any CPU.ActiveCfg = Release|Any CPU
		{4FAE5AEE-78F9-4010-BC5B-A8EF10E16351}.Release|Any CPU.Build.0 = Release|Any CPU
		{D2781586-C86F-4F5F-A3BE-BAE3DE275D6A}.Debug|Any CPU.ActiveCfg = Debug|Any CPU
		{D2781586-C86F-4F5F-A3BE-BAE3DE275D6A}.Debug|Any CPU.Build.0 = Debug|Any CPU
		{D2781586-C86F-4F5F-A3BE-BAE3DE275D6A}.Release|Any CPU.ActiveCfg = Release|Any CPU
		{D2781586-C86F-4F5F-A3BE-BAE3DE275D6A}.Release|Any CPU.Build.0 = Release|Any CPU
		{65FDAE04-802F-42D5-AC4E-9FA512A37458}.Debug|Any CPU.ActiveCfg = Debug|Any CPU
		{65FDAE04-802F-42D5-AC4E-9FA512A37458}.Debug|Any CPU.Build.0 = Debug|Any CPU
		{65FDAE04-802F-42D5-AC4E-9FA512A37458}.Release|Any CPU.ActiveCfg = Release|Any CPU
		{65FDAE04-802F-42D5-AC4E-9FA512A37458}.Release|Any CPU.Build.0 = Release|Any CPU
		{1A8101C8-B023-4EC2-9900-7989F345C45B}.Debug|Any CPU.ActiveCfg = Debug|Any CPU
		{1A8101C8-B023-4EC2-9900-7989F345C45B}.Debug|Any CPU.Build.0 = Debug|Any CPU
		{1A8101C8-B023-4EC2-9900-7989F345C45B}.Release|Any CPU.ActiveCfg = Release|Any CPU
		{1A8101C8-B023-4EC2-9900-7989F345C45B}.Release|Any CPU.Build.0 = Release|Any CPU
		{4400F32F-5914-4148-8109-239E6231C927}.Debug|Any CPU.ActiveCfg = Debug|Any CPU
		{4400F32F-5914-4148-8109-239E6231C927}.Debug|Any CPU.Build.0 = Debug|Any CPU
		{4400F32F-5914-4148-8109-239E6231C927}.Release|Any CPU.ActiveCfg = Release|Any CPU
		{4400F32F-5914-4148-8109-239E6231C927}.Release|Any CPU.Build.0 = Release|Any CPU
		{891F1EE3-D26B-4684-B4FC-B0B41511ECDD}.Debug|Any CPU.ActiveCfg = Debug|Any CPU
		{891F1EE3-D26B-4684-B4FC-B0B41511ECDD}.Debug|Any CPU.Build.0 = Debug|Any CPU
		{891F1EE3-D26B-4684-B4FC-B0B41511ECDD}.Release|Any CPU.ActiveCfg = Release|Any CPU
		{891F1EE3-D26B-4684-B4FC-B0B41511ECDD}.Release|Any CPU.Build.0 = Release|Any CPU
		{02DB82C7-6F0F-41DE-A493-B83D7C8EA90F}.Debug|Any CPU.ActiveCfg = Debug|Any CPU
		{02DB82C7-6F0F-41DE-A493-B83D7C8EA90F}.Debug|Any CPU.Build.0 = Debug|Any CPU
		{02DB82C7-6F0F-41DE-A493-B83D7C8EA90F}.Release|Any CPU.ActiveCfg = Release|Any CPU
		{02DB82C7-6F0F-41DE-A493-B83D7C8EA90F}.Release|Any CPU.Build.0 = Release|Any CPU
		{6E66E964-718A-434B-A6C5-1DDCB265CA31}.Debug|Any CPU.ActiveCfg = Debug|Any CPU
		{6E66E964-718A-434B-A6C5-1DDCB265CA31}.Debug|Any CPU.Build.0 = Debug|Any CPU
		{6E66E964-718A-434B-A6C5-1DDCB265CA31}.Release|Any CPU.ActiveCfg = Release|Any CPU
		{6E66E964-718A-434B-A6C5-1DDCB265CA31}.Release|Any CPU.Build.0 = Release|Any CPU
		{A677BC9D-23FF-407F-91D2-8889D2BC7291}.Debug|Any CPU.ActiveCfg = Debug|Any CPU
		{A677BC9D-23FF-407F-91D2-8889D2BC7291}.Debug|Any CPU.Build.0 = Debug|Any CPU
		{A677BC9D-23FF-407F-91D2-8889D2BC7291}.Release|Any CPU.ActiveCfg = Release|Any CPU
		{A677BC9D-23FF-407F-91D2-8889D2BC7291}.Release|Any CPU.Build.0 = Release|Any CPU
		{F6400397-0F32-48DF-8C80-5DC4E86178BE}.Debug|Any CPU.ActiveCfg = Debug|Any CPU
		{F6400397-0F32-48DF-8C80-5DC4E86178BE}.Debug|Any CPU.Build.0 = Debug|Any CPU
		{F6400397-0F32-48DF-8C80-5DC4E86178BE}.Release|Any CPU.ActiveCfg = Release|Any CPU
		{F6400397-0F32-48DF-8C80-5DC4E86178BE}.Release|Any CPU.Build.0 = Release|Any CPU
		{B355757F-765B-47F0-AA11-A823B7EA2835}.Debug|Any CPU.ActiveCfg = Debug|Any CPU
		{B355757F-765B-47F0-AA11-A823B7EA2835}.Debug|Any CPU.Build.0 = Debug|Any CPU
		{B355757F-765B-47F0-AA11-A823B7EA2835}.Release|Any CPU.ActiveCfg = Release|Any CPU
		{B355757F-765B-47F0-AA11-A823B7EA2835}.Release|Any CPU.Build.0 = Release|Any CPU
		{60BABA26-4865-48A1-8EE9-5E88445293DB}.Debug|Any CPU.ActiveCfg = Debug|Any CPU
		{60BABA26-4865-48A1-8EE9-5E88445293DB}.Debug|Any CPU.Build.0 = Debug|Any CPU
		{60BABA26-4865-48A1-8EE9-5E88445293DB}.Release|Any CPU.ActiveCfg = Release|Any CPU
		{60BABA26-4865-48A1-8EE9-5E88445293DB}.Release|Any CPU.Build.0 = Release|Any CPU
		{B08ED4E4-6324-445D-867E-DA8A9748918F}.Debug|Any CPU.ActiveCfg = Debug|Any CPU
		{B08ED4E4-6324-445D-867E-DA8A9748918F}.Debug|Any CPU.Build.0 = Debug|Any CPU
		{B08ED4E4-6324-445D-867E-DA8A9748918F}.Release|Any CPU.ActiveCfg = Release|Any CPU
		{B08ED4E4-6324-445D-867E-DA8A9748918F}.Release|Any CPU.Build.0 = Release|Any CPU
		{A69F6FA0-AFA5-4FD0-8791-CE1F41BB0E80}.Debug|Any CPU.ActiveCfg = Debug|Any CPU
		{A69F6FA0-AFA5-4FD0-8791-CE1F41BB0E80}.Debug|Any CPU.Build.0 = Debug|Any CPU
		{A69F6FA0-AFA5-4FD0-8791-CE1F41BB0E80}.Release|Any CPU.ActiveCfg = Release|Any CPU
		{A69F6FA0-AFA5-4FD0-8791-CE1F41BB0E80}.Release|Any CPU.Build.0 = Release|Any CPU
		{547E46FC-9B9A-428F-9216-31BBCAE209FE}.Debug|Any CPU.ActiveCfg = Debug|Any CPU
		{547E46FC-9B9A-428F-9216-31BBCAE209FE}.Debug|Any CPU.Build.0 = Debug|Any CPU
		{547E46FC-9B9A-428F-9216-31BBCAE209FE}.Release|Any CPU.ActiveCfg = Release|Any CPU
		{547E46FC-9B9A-428F-9216-31BBCAE209FE}.Release|Any CPU.Build.0 = Release|Any CPU
		{5A4A67FD-CF65-4D4F-9F6B-59686D3C8487}.Debug|Any CPU.ActiveCfg = Debug|Any CPU
		{5A4A67FD-CF65-4D4F-9F6B-59686D3C8487}.Debug|Any CPU.Build.0 = Debug|Any CPU
		{5A4A67FD-CF65-4D4F-9F6B-59686D3C8487}.Release|Any CPU.ActiveCfg = Release|Any CPU
		{5A4A67FD-CF65-4D4F-9F6B-59686D3C8487}.Release|Any CPU.Build.0 = Release|Any CPU
		{A9D9E724-EC6D-4B6C-B034-3448E673684B}.Debug|Any CPU.ActiveCfg = Debug|Any CPU
		{A9D9E724-EC6D-4B6C-B034-3448E673684B}.Debug|Any CPU.Build.0 = Debug|Any CPU
		{A9D9E724-EC6D-4B6C-B034-3448E673684B}.Release|Any CPU.ActiveCfg = Release|Any CPU
		{A9D9E724-EC6D-4B6C-B034-3448E673684B}.Release|Any CPU.Build.0 = Release|Any CPU
		{085A61FE-67E7-4DB8-9A90-5315AD813083}.Debug|Any CPU.ActiveCfg = Debug|Any CPU
		{085A61FE-67E7-4DB8-9A90-5315AD813083}.Debug|Any CPU.Build.0 = Debug|Any CPU
		{085A61FE-67E7-4DB8-9A90-5315AD813083}.Release|Any CPU.ActiveCfg = Release|Any CPU
		{085A61FE-67E7-4DB8-9A90-5315AD813083}.Release|Any CPU.Build.0 = Release|Any CPU
		{AF0483E0-7F91-49B4-93F8-881764D590C4}.Debug|Any CPU.ActiveCfg = Debug|Any CPU
		{AF0483E0-7F91-49B4-93F8-881764D590C4}.Debug|Any CPU.Build.0 = Debug|Any CPU
		{AF0483E0-7F91-49B4-93F8-881764D590C4}.Release|Any CPU.ActiveCfg = Release|Any CPU
		{AF0483E0-7F91-49B4-93F8-881764D590C4}.Release|Any CPU.Build.0 = Release|Any CPU
		{5A294E42-31F6-49CB-B4F4-696D064CFBEB}.Debug|Any CPU.ActiveCfg = Debug|Any CPU
		{5A294E42-31F6-49CB-B4F4-696D064CFBEB}.Debug|Any CPU.Build.0 = Debug|Any CPU
		{5A294E42-31F6-49CB-B4F4-696D064CFBEB}.Release|Any CPU.ActiveCfg = Release|Any CPU
		{5A294E42-31F6-49CB-B4F4-696D064CFBEB}.Release|Any CPU.Build.0 = Release|Any CPU
		{F3B615A8-430B-4849-990F-C3890AADFF82}.Debug|Any CPU.ActiveCfg = Debug|Any CPU
		{F3B615A8-430B-4849-990F-C3890AADFF82}.Debug|Any CPU.Build.0 = Debug|Any CPU
		{F3B615A8-430B-4849-990F-C3890AADFF82}.Release|Any CPU.ActiveCfg = Release|Any CPU
		{F3B615A8-430B-4849-990F-C3890AADFF82}.Release|Any CPU.Build.0 = Release|Any CPU
		{D6341B7B-788A-4907-AD44-FCE0442E140A}.Debug|Any CPU.ActiveCfg = Debug|Any CPU
		{D6341B7B-788A-4907-AD44-FCE0442E140A}.Debug|Any CPU.Build.0 = Debug|Any CPU
		{D6341B7B-788A-4907-AD44-FCE0442E140A}.Release|Any CPU.ActiveCfg = Release|Any CPU
		{D6341B7B-788A-4907-AD44-FCE0442E140A}.Release|Any CPU.Build.0 = Release|Any CPU
		{8F9056C6-8EC0-455B-9153-55EB862CD6D1}.Debug|Any CPU.ActiveCfg = Debug|Any CPU
		{8F9056C6-8EC0-455B-9153-55EB862CD6D1}.Debug|Any CPU.Build.0 = Debug|Any CPU
		{8F9056C6-8EC0-455B-9153-55EB862CD6D1}.Release|Any CPU.ActiveCfg = Release|Any CPU
		{8F9056C6-8EC0-455B-9153-55EB862CD6D1}.Release|Any CPU.Build.0 = Release|Any CPU
		{6A16EAEA-23F2-473B-A255-3994E37639DF}.Debug|Any CPU.ActiveCfg = Debug|Any CPU
		{6A16EAEA-23F2-473B-A255-3994E37639DF}.Debug|Any CPU.Build.0 = Debug|Any CPU
		{6A16EAEA-23F2-473B-A255-3994E37639DF}.Release|Any CPU.ActiveCfg = Release|Any CPU
		{6A16EAEA-23F2-473B-A255-3994E37639DF}.Release|Any CPU.Build.0 = Release|Any CPU
		{88CBDDCE-EB3B-4101-B306-67348F7A5FCE}.Debug|Any CPU.ActiveCfg = Debug|Any CPU
		{88CBDDCE-EB3B-4101-B306-67348F7A5FCE}.Debug|Any CPU.Build.0 = Debug|Any CPU
		{88CBDDCE-EB3B-4101-B306-67348F7A5FCE}.Release|Any CPU.ActiveCfg = Release|Any CPU
		{88CBDDCE-EB3B-4101-B306-67348F7A5FCE}.Release|Any CPU.Build.0 = Release|Any CPU
		{5384BBAC-AC06-4693-B267-E551D4FC8A13}.Debug|Any CPU.ActiveCfg = Debug|Any CPU
		{5384BBAC-AC06-4693-B267-E551D4FC8A13}.Debug|Any CPU.Build.0 = Debug|Any CPU
		{5384BBAC-AC06-4693-B267-E551D4FC8A13}.Release|Any CPU.ActiveCfg = Release|Any CPU
		{5384BBAC-AC06-4693-B267-E551D4FC8A13}.Release|Any CPU.Build.0 = Release|Any CPU
		{594922F9-D713-456B-9330-4DB34E997405}.Debug|Any CPU.ActiveCfg = Debug|Any CPU
		{594922F9-D713-456B-9330-4DB34E997405}.Debug|Any CPU.Build.0 = Debug|Any CPU
		{594922F9-D713-456B-9330-4DB34E997405}.Release|Any CPU.ActiveCfg = Release|Any CPU
		{594922F9-D713-456B-9330-4DB34E997405}.Release|Any CPU.Build.0 = Release|Any CPU
		{6F187B97-F271-4189-9899-FCD280935F3A}.Debug|Any CPU.ActiveCfg = Debug|Any CPU
		{6F187B97-F271-4189-9899-FCD280935F3A}.Debug|Any CPU.Build.0 = Debug|Any CPU
		{6F187B97-F271-4189-9899-FCD280935F3A}.Release|Any CPU.ActiveCfg = Release|Any CPU
		{6F187B97-F271-4189-9899-FCD280935F3A}.Release|Any CPU.Build.0 = Release|Any CPU
		{0321CE42-7A4F-4E58-9F76-348E813ECD93}.Debug|Any CPU.ActiveCfg = Debug|Any CPU
		{0321CE42-7A4F-4E58-9F76-348E813ECD93}.Debug|Any CPU.Build.0 = Debug|Any CPU
		{0321CE42-7A4F-4E58-9F76-348E813ECD93}.Release|Any CPU.ActiveCfg = Release|Any CPU
		{0321CE42-7A4F-4E58-9F76-348E813ECD93}.Release|Any CPU.Build.0 = Release|Any CPU
		{197F81DF-66FD-45DE-95B1-4453DB0B3ACA}.Debug|Any CPU.ActiveCfg = Debug|Any CPU
		{197F81DF-66FD-45DE-95B1-4453DB0B3ACA}.Debug|Any CPU.Build.0 = Debug|Any CPU
		{197F81DF-66FD-45DE-95B1-4453DB0B3ACA}.Release|Any CPU.ActiveCfg = Release|Any CPU
		{197F81DF-66FD-45DE-95B1-4453DB0B3ACA}.Release|Any CPU.Build.0 = Release|Any CPU
		{5AE5D3C6-DF28-4E65-A097-DEEB6F932DEA}.Debug|Any CPU.ActiveCfg = Debug|Any CPU
		{5AE5D3C6-DF28-4E65-A097-DEEB6F932DEA}.Debug|Any CPU.Build.0 = Debug|Any CPU
		{5AE5D3C6-DF28-4E65-A097-DEEB6F932DEA}.Release|Any CPU.ActiveCfg = Release|Any CPU
		{5AE5D3C6-DF28-4E65-A097-DEEB6F932DEA}.Release|Any CPU.Build.0 = Release|Any CPU
		{51DEDEA8-4FB2-4C4E-AF19-360B47EFC5F4}.Debug|Any CPU.ActiveCfg = Debug|Any CPU
		{51DEDEA8-4FB2-4C4E-AF19-360B47EFC5F4}.Debug|Any CPU.Build.0 = Debug|Any CPU
		{51DEDEA8-4FB2-4C4E-AF19-360B47EFC5F4}.Release|Any CPU.ActiveCfg = Release|Any CPU
		{51DEDEA8-4FB2-4C4E-AF19-360B47EFC5F4}.Release|Any CPU.Build.0 = Release|Any CPU
		{95088AEA-A589-478C-9C16-C0782C866738}.Debug|Any CPU.ActiveCfg = Debug|Any CPU
		{95088AEA-A589-478C-9C16-C0782C866738}.Debug|Any CPU.Build.0 = Debug|Any CPU
		{95088AEA-A589-478C-9C16-C0782C866738}.Release|Any CPU.ActiveCfg = Release|Any CPU
		{95088AEA-A589-478C-9C16-C0782C866738}.Release|Any CPU.Build.0 = Release|Any CPU
		{BBEC27A1-FB85-463A-A14C-C4B8F83CECE0}.Debug|Any CPU.ActiveCfg = Debug|Any CPU
		{BBEC27A1-FB85-463A-A14C-C4B8F83CECE0}.Debug|Any CPU.Build.0 = Debug|Any CPU
		{BBEC27A1-FB85-463A-A14C-C4B8F83CECE0}.Release|Any CPU.ActiveCfg = Release|Any CPU
		{BBEC27A1-FB85-463A-A14C-C4B8F83CECE0}.Release|Any CPU.Build.0 = Release|Any CPU
		{0DC729B7-21B4-4FCC-8BE6-ED849A424D72}.Debug|Any CPU.ActiveCfg = Debug|Any CPU
		{0DC729B7-21B4-4FCC-8BE6-ED849A424D72}.Debug|Any CPU.Build.0 = Debug|Any CPU
		{0DC729B7-21B4-4FCC-8BE6-ED849A424D72}.Release|Any CPU.ActiveCfg = Release|Any CPU
		{0DC729B7-21B4-4FCC-8BE6-ED849A424D72}.Release|Any CPU.Build.0 = Release|Any CPU
		{0F8FE84F-6CAF-48F2-A0D0-2F34DB1DB00F}.Debug|Any CPU.ActiveCfg = Debug|Any CPU
		{0F8FE84F-6CAF-48F2-A0D0-2F34DB1DB00F}.Debug|Any CPU.Build.0 = Debug|Any CPU
		{0F8FE84F-6CAF-48F2-A0D0-2F34DB1DB00F}.Release|Any CPU.ActiveCfg = Release|Any CPU
		{0F8FE84F-6CAF-48F2-A0D0-2F34DB1DB00F}.Release|Any CPU.Build.0 = Release|Any CPU
		{46F7D78A-691F-4969-A8AD-7AE4EE679B04}.Debug|Any CPU.ActiveCfg = Debug|Any CPU
		{46F7D78A-691F-4969-A8AD-7AE4EE679B04}.Debug|Any CPU.Build.0 = Debug|Any CPU
		{46F7D78A-691F-4969-A8AD-7AE4EE679B04}.Release|Any CPU.ActiveCfg = Release|Any CPU
		{46F7D78A-691F-4969-A8AD-7AE4EE679B04}.Release|Any CPU.Build.0 = Release|Any CPU
		{E4F108AD-F33D-4D44-BB4D-8B1CCB48BE19}.Debug|Any CPU.ActiveCfg = Debug|Any CPU
		{E4F108AD-F33D-4D44-BB4D-8B1CCB48BE19}.Debug|Any CPU.Build.0 = Debug|Any CPU
		{E4F108AD-F33D-4D44-BB4D-8B1CCB48BE19}.Release|Any CPU.ActiveCfg = Release|Any CPU
		{E4F108AD-F33D-4D44-BB4D-8B1CCB48BE19}.Release|Any CPU.Build.0 = Release|Any CPU
		{66CAE1A3-3C48-452A-A445-E750BF117AD6}.Debug|Any CPU.ActiveCfg = Debug|Any CPU
		{66CAE1A3-3C48-452A-A445-E750BF117AD6}.Debug|Any CPU.Build.0 = Debug|Any CPU
		{66CAE1A3-3C48-452A-A445-E750BF117AD6}.Release|Any CPU.ActiveCfg = Release|Any CPU
		{66CAE1A3-3C48-452A-A445-E750BF117AD6}.Release|Any CPU.Build.0 = Release|Any CPU
		{C5F375EF-8A37-4CBF-A646-22E0AE270135}.Debug|Any CPU.ActiveCfg = Debug|Any CPU
		{C5F375EF-8A37-4CBF-A646-22E0AE270135}.Debug|Any CPU.Build.0 = Debug|Any CPU
		{C5F375EF-8A37-4CBF-A646-22E0AE270135}.Release|Any CPU.ActiveCfg = Release|Any CPU
		{C5F375EF-8A37-4CBF-A646-22E0AE270135}.Release|Any CPU.Build.0 = Release|Any CPU
		{425E58C6-1870-4550-8F5E-23012781A967}.Debug|Any CPU.ActiveCfg = Debug|Any CPU
		{425E58C6-1870-4550-8F5E-23012781A967}.Debug|Any CPU.Build.0 = Debug|Any CPU
		{425E58C6-1870-4550-8F5E-23012781A967}.Release|Any CPU.ActiveCfg = Release|Any CPU
		{425E58C6-1870-4550-8F5E-23012781A967}.Release|Any CPU.Build.0 = Release|Any CPU
		{F391BF5F-85B1-4FAA-8546-E8C3E8D0A378}.Debug|Any CPU.ActiveCfg = Debug|Any CPU
		{F391BF5F-85B1-4FAA-8546-E8C3E8D0A378}.Debug|Any CPU.Build.0 = Debug|Any CPU
		{F391BF5F-85B1-4FAA-8546-E8C3E8D0A378}.Release|Any CPU.ActiveCfg = Release|Any CPU
		{F391BF5F-85B1-4FAA-8546-E8C3E8D0A378}.Release|Any CPU.Build.0 = Release|Any CPU
		{002F1106-DAB5-406C-9DE6-B046B93B0FCD}.Debug|Any CPU.ActiveCfg = Debug|Any CPU
		{002F1106-DAB5-406C-9DE6-B046B93B0FCD}.Debug|Any CPU.Build.0 = Debug|Any CPU
		{002F1106-DAB5-406C-9DE6-B046B93B0FCD}.Release|Any CPU.ActiveCfg = Release|Any CPU
		{002F1106-DAB5-406C-9DE6-B046B93B0FCD}.Release|Any CPU.Build.0 = Release|Any CPU
		{07426716-F11F-4A10-9814-0D09DDA7754F}.Debug|Any CPU.ActiveCfg = Debug|Any CPU
		{07426716-F11F-4A10-9814-0D09DDA7754F}.Debug|Any CPU.Build.0 = Debug|Any CPU
		{07426716-F11F-4A10-9814-0D09DDA7754F}.Release|Any CPU.ActiveCfg = Release|Any CPU
		{07426716-F11F-4A10-9814-0D09DDA7754F}.Release|Any CPU.Build.0 = Release|Any CPU
		{2D675A87-B9A6-4B5D-ABCB-6B12785D4D51}.Debug|Any CPU.ActiveCfg = Debug|Any CPU
		{2D675A87-B9A6-4B5D-ABCB-6B12785D4D51}.Debug|Any CPU.Build.0 = Debug|Any CPU
		{2D675A87-B9A6-4B5D-ABCB-6B12785D4D51}.Release|Any CPU.ActiveCfg = Release|Any CPU
		{2D675A87-B9A6-4B5D-ABCB-6B12785D4D51}.Release|Any CPU.Build.0 = Release|Any CPU
		{D0E97BFB-6A42-4E54-8601-A6D75DBEECBD}.Debug|Any CPU.ActiveCfg = Debug|Any CPU
		{D0E97BFB-6A42-4E54-8601-A6D75DBEECBD}.Debug|Any CPU.Build.0 = Debug|Any CPU
		{D0E97BFB-6A42-4E54-8601-A6D75DBEECBD}.Release|Any CPU.ActiveCfg = Release|Any CPU
		{D0E97BFB-6A42-4E54-8601-A6D75DBEECBD}.Release|Any CPU.Build.0 = Release|Any CPU
		{C6C46FF4-11AC-47FA-A089-C186B9EE1F55}.Debug|Any CPU.ActiveCfg = Debug|Any CPU
		{C6C46FF4-11AC-47FA-A089-C186B9EE1F55}.Debug|Any CPU.Build.0 = Debug|Any CPU
		{C6C46FF4-11AC-47FA-A089-C186B9EE1F55}.Release|Any CPU.ActiveCfg = Release|Any CPU
		{C6C46FF4-11AC-47FA-A089-C186B9EE1F55}.Release|Any CPU.Build.0 = Release|Any CPU
		{39296313-89A5-4490-966B-249E99800C72}.Debug|Any CPU.ActiveCfg = Debug|Any CPU
		{39296313-89A5-4490-966B-249E99800C72}.Debug|Any CPU.Build.0 = Debug|Any CPU
		{39296313-89A5-4490-966B-249E99800C72}.Release|Any CPU.ActiveCfg = Release|Any CPU
		{39296313-89A5-4490-966B-249E99800C72}.Release|Any CPU.Build.0 = Release|Any CPU
	EndGlobalSection
	GlobalSection(SolutionProperties) = preSolution
		HideSolutionNode = FALSE
	EndGlobalSection
	GlobalSection(ExtensibilityGlobals) = postSolution
		SolutionGuid = {77A90904-159E-4464-905F-76493E84E04F}
	EndGlobalSection
EndGlobal
