
Microsoft Visual Studio Solution File, Format Version 12.00
# Visual Studio Version 17
VisualStudioVersion = 17.2.32630.192
MinimumVisualStudioVersion = 10.0.40219.1
Project("{9A19103F-16F7-4668-BE54-9A1E7A4F7556}") = "R5T.F0041.Construction", "R5T.F0041.Construction\R5T.F0041.Construction.csproj", "{69A1A587-5912-4ADF-B751-E435F1E84B0A}"
EndProject
Project("{9A19103F-16F7-4668-BE54-9A1E7A4F7556}") = "R5T.F0041", "R5T.F0041\R5T.F0041.csproj", "{29632EAD-8C09-46CB-8982-24C4A5D680EE}"
EndProject
Project("{2150E333-8FDC-42A3-9474-1A3956D46DE8}") = "_Dependencies", "_Dependencies", "{1C839B04-701E-4F22-A344-25D7A7C2080B}"
EndProject
Project("{9A19103F-16F7-4668-BE54-9A1E7A4F7556}") = "R5T.F0000", "..\..\R5T.F0000\source\R5T.F0000\R5T.F0000.csproj", "{1AC7E1EE-8A44-4B99-9AF8-398BAC7359E8}"
EndProject
Project("{9A19103F-16F7-4668-BE54-9A1E7A4F7556}") = "R5T.F0002", "..\..\R5T.F0002\source\R5T.F0002\R5T.F0002.csproj", "{B501D025-DC88-4E20-9715-A0A929FAB675}"
EndProject
Project("{9A19103F-16F7-4668-BE54-9A1E7A4F7556}") = "R5T.F0019", "..\..\R5T.F0019\source\R5T.F0019\R5T.F0019.csproj", "{D1A9FBDF-E63C-450E-B74F-38E1B5122F1C}"
EndProject
Project("{9A19103F-16F7-4668-BE54-9A1E7A4F7556}") = "R5T.F0032", "..\..\R5T.F0032\source\R5T.F0032\R5T.F0032.csproj", "{8FABC84A-0BDE-4664-A8E9-9B29385213DB}"
EndProject
Project("{9A19103F-16F7-4668-BE54-9A1E7A4F7556}") = "R5T.F0044", "..\..\R5T.F0044\source\R5T.F0044\R5T.F0044.csproj", "{2391D135-130A-41CD-98D9-B4F2A1F8957D}"
EndProject
Project("{9A19103F-16F7-4668-BE54-9A1E7A4F7556}") = "R5T.F0046", "..\..\R5T.F0046\source\R5T.F0046\R5T.F0046.csproj", "{32210295-B821-49B6-B8C5-B08BB09E3884}"
EndProject
Project("{9A19103F-16F7-4668-BE54-9A1E7A4F7556}") = "R5T.F0047", "..\..\R5T.F0047\source\R5T.F0047\R5T.F0047.csproj", "{C10828C4-28F0-4387-8BA8-009069EF2DF2}"
EndProject
Project("{9A19103F-16F7-4668-BE54-9A1E7A4F7556}") = "R5T.F0057", "..\..\R5T.F0057\source\R5T.F0057\R5T.F0057.csproj", "{E831FB15-3F10-40B9-A9EA-50C1D460DE92}"
EndProject
Project("{9A19103F-16F7-4668-BE54-9A1E7A4F7556}") = "R5T.L0001.Y000", "..\..\R5T.L0001\source\R5T.L0001.Y000\R5T.L0001.Y000.csproj", "{F7CAC38C-4AE9-4BA6-BE0F-B46F9D3457CB}"
EndProject
Project("{9A19103F-16F7-4668-BE54-9A1E7A4F7556}") = "R5T.L0001.Z000", "..\..\R5T.L0001\source\R5T.L0001.Z000\R5T.L0001.Z000.csproj", "{04DC5C00-72EC-4207-BAB5-D06A855C093A}"
EndProject
Project("{9A19103F-16F7-4668-BE54-9A1E7A4F7556}") = "R5T.L0001", "..\..\R5T.L0001\source\R5T.L0001\R5T.L0001.csproj", "{670C5031-389C-4843-A4E4-B2DF0650BA39}"
EndProject
Project("{9A19103F-16F7-4668-BE54-9A1E7A4F7556}") = "R5T.NG0005", "..\..\R5T.NG0005\source\R5T.NG0005\R5T.NG0005.csproj", "{B82960A8-51E3-46A5-869F-62E605DA3FC3}"
EndProject
Project("{9A19103F-16F7-4668-BE54-9A1E7A4F7556}") = "R5T.NG0006", "..\..\R5T.NG0006\source\R5T.NG0006\R5T.NG0006.csproj", "{1964B246-C5B4-4168-9765-6666514B647B}"
EndProject
Project("{9A19103F-16F7-4668-BE54-9A1E7A4F7556}") = "R5T.NG0008", "..\..\R5T.NG0008\source\R5T.NG0008\R5T.NG0008.csproj", "{91BF48E1-F261-409D-A25D-DAD87EB769C8}"
EndProject
Project("{9A19103F-16F7-4668-BE54-9A1E7A4F7556}") = "R5T.T0046", "..\..\R5T.T0046\source\R5T.T0046\R5T.T0046.csproj", "{654F45CB-1C55-4451-A15E-BCD3521B5282}"
EndProject
Project("{9A19103F-16F7-4668-BE54-9A1E7A4F7556}") = "R5T.T0131", "..\..\R5T.T0131\source\R5T.T0131\R5T.T0131.csproj", "{E89B96D6-2CEA-4E02-A6CD-7C85436983CD}"
EndProject
Project("{9A19103F-16F7-4668-BE54-9A1E7A4F7556}") = "R5T.T0132", "..\..\R5T.T0132\source\R5T.T0132\R5T.T0132.csproj", "{7250A872-78E2-49E0-8CC3-FCC809FAEC6B}"
EndProject
Project("{9A19103F-16F7-4668-BE54-9A1E7A4F7556}") = "R5T.T0142", "..\..\R5T.T0142\source\R5T.T0142\R5T.T0142.csproj", "{F37B78CB-51FF-4D26-8C88-7EAB6ED71962}"
EndProject
Project("{9A19103F-16F7-4668-BE54-9A1E7A4F7556}") = "R5T.T0143", "..\..\R5T.T0143\source\R5T.T0143\R5T.T0143.csproj", "{C284D569-0049-4B3F-AEDE-C84F9D7BC723}"
EndProject
Project("{9A19103F-16F7-4668-BE54-9A1E7A4F7556}") = "R5T.T0144", "..\..\R5T.T0144\source\R5T.T0144\R5T.T0144.csproj", "{FFA992D4-41E6-4A75-A5D5-5682309072F3}"
EndProject
Project("{9A19103F-16F7-4668-BE54-9A1E7A4F7556}") = "R5T.T0156", "..\..\R5T.T0156\source\R5T.T0156\R5T.T0156.csproj", "{F86D27CE-529D-489A-9C58-AE665789BF85}"
EndProject
Project("{9A19103F-16F7-4668-BE54-9A1E7A4F7556}") = "R5T.T0209", "..\..\R5T.T0209\source\R5T.T0209\R5T.T0209.csproj", "{70086327-170D-4136-A9B8-009EFEA346E5}"
EndProject
Project("{9A19103F-16F7-4668-BE54-9A1E7A4F7556}") = "R5T.Y0000", "..\..\R5T.Y0000\source\R5T.Y0000\R5T.Y0000.csproj", "{0D66DD28-4666-4F73-981F-9B8F89DD66C5}"
EndProject
Project("{9A19103F-16F7-4668-BE54-9A1E7A4F7556}") = "R5T.Y0004", "..\..\R5T.Y0004\source\R5T.Y0004\R5T.Y0004.csproj", "{1DD1D9E6-FFC7-473A-9788-567EC135AB28}"
EndProject
Project("{9A19103F-16F7-4668-BE54-9A1E7A4F7556}") = "R5T.Z0000", "..\..\R5T.Z0000\source\R5T.Z0000\R5T.Z0000.csproj", "{2D31ACEA-9C49-4E3A-85AB-911E57D713C7}"
EndProject
Project("{9A19103F-16F7-4668-BE54-9A1E7A4F7556}") = "R5T.Z0005", "..\..\R5T.Z0005\source\R5T.Z0005\R5T.Z0005.csproj", "{FAF18590-BEFB-4E33-8374-E33783D15017}"
EndProject
Project("{9A19103F-16F7-4668-BE54-9A1E7A4F7556}") = "R5T.Z0013", "..\..\R5T.Z0013\source\R5T.Z0013\R5T.Z0013.csproj", "{135BEEA4-3F8C-465A-AE48-0816CB5EB904}"
EndProject
Global
	GlobalSection(NestedProjects) = preSolution
		{1AC7E1EE-8A44-4B99-9AF8-398BAC7359E8} = {1C839B04-701E-4F22-A344-25D7A7C2080B}
		{B501D025-DC88-4E20-9715-A0A929FAB675} = {1C839B04-701E-4F22-A344-25D7A7C2080B}
		{D1A9FBDF-E63C-450E-B74F-38E1B5122F1C} = {1C839B04-701E-4F22-A344-25D7A7C2080B}
		{8FABC84A-0BDE-4664-A8E9-9B29385213DB} = {1C839B04-701E-4F22-A344-25D7A7C2080B}
		{2391D135-130A-41CD-98D9-B4F2A1F8957D} = {1C839B04-701E-4F22-A344-25D7A7C2080B}
		{32210295-B821-49B6-B8C5-B08BB09E3884} = {1C839B04-701E-4F22-A344-25D7A7C2080B}
		{C10828C4-28F0-4387-8BA8-009069EF2DF2} = {1C839B04-701E-4F22-A344-25D7A7C2080B}
		{E831FB15-3F10-40B9-A9EA-50C1D460DE92} = {1C839B04-701E-4F22-A344-25D7A7C2080B}
		{F7CAC38C-4AE9-4BA6-BE0F-B46F9D3457CB} = {1C839B04-701E-4F22-A344-25D7A7C2080B}
		{04DC5C00-72EC-4207-BAB5-D06A855C093A} = {1C839B04-701E-4F22-A344-25D7A7C2080B}
		{670C5031-389C-4843-A4E4-B2DF0650BA39} = {1C839B04-701E-4F22-A344-25D7A7C2080B}
		{B82960A8-51E3-46A5-869F-62E605DA3FC3} = {1C839B04-701E-4F22-A344-25D7A7C2080B}
		{1964B246-C5B4-4168-9765-6666514B647B} = {1C839B04-701E-4F22-A344-25D7A7C2080B}
		{91BF48E1-F261-409D-A25D-DAD87EB769C8} = {1C839B04-701E-4F22-A344-25D7A7C2080B}
		{654F45CB-1C55-4451-A15E-BCD3521B5282} = {1C839B04-701E-4F22-A344-25D7A7C2080B}
		{E89B96D6-2CEA-4E02-A6CD-7C85436983CD} = {1C839B04-701E-4F22-A344-25D7A7C2080B}
		{7250A872-78E2-49E0-8CC3-FCC809FAEC6B} = {1C839B04-701E-4F22-A344-25D7A7C2080B}
		{F37B78CB-51FF-4D26-8C88-7EAB6ED71962} = {1C839B04-701E-4F22-A344-25D7A7C2080B}
		{C284D569-0049-4B3F-AEDE-C84F9D7BC723} = {1C839B04-701E-4F22-A344-25D7A7C2080B}
		{FFA992D4-41E6-4A75-A5D5-5682309072F3} = {1C839B04-701E-4F22-A344-25D7A7C2080B}
		{F86D27CE-529D-489A-9C58-AE665789BF85} = {1C839B04-701E-4F22-A344-25D7A7C2080B}
		{70086327-170D-4136-A9B8-009EFEA346E5} = {1C839B04-701E-4F22-A344-25D7A7C2080B}
		{0D66DD28-4666-4F73-981F-9B8F89DD66C5} = {1C839B04-701E-4F22-A344-25D7A7C2080B}
		{1DD1D9E6-FFC7-473A-9788-567EC135AB28} = {1C839B04-701E-4F22-A344-25D7A7C2080B}
		{2D31ACEA-9C49-4E3A-85AB-911E57D713C7} = {1C839B04-701E-4F22-A344-25D7A7C2080B}
		{FAF18590-BEFB-4E33-8374-E33783D15017} = {1C839B04-701E-4F22-A344-25D7A7C2080B}
		{135BEEA4-3F8C-465A-AE48-0816CB5EB904} = {1C839B04-701E-4F22-A344-25D7A7C2080B}
	EndGlobalSection
	GlobalSection(SolutionConfigurationPlatforms) = preSolution
		Debug|Any CPU = Debug|Any CPU
		Release|Any CPU = Release|Any CPU
	EndGlobalSection
	GlobalSection(ProjectConfigurationPlatforms) = postSolution
		{69A1A587-5912-4ADF-B751-E435F1E84B0A}.Debug|Any CPU.ActiveCfg = Debug|Any CPU
		{69A1A587-5912-4ADF-B751-E435F1E84B0A}.Debug|Any CPU.Build.0 = Debug|Any CPU
		{69A1A587-5912-4ADF-B751-E435F1E84B0A}.Release|Any CPU.ActiveCfg = Release|Any CPU
		{69A1A587-5912-4ADF-B751-E435F1E84B0A}.Release|Any CPU.Build.0 = Release|Any CPU
		{29632EAD-8C09-46CB-8982-24C4A5D680EE}.Debug|Any CPU.ActiveCfg = Debug|Any CPU
		{29632EAD-8C09-46CB-8982-24C4A5D680EE}.Debug|Any CPU.Build.0 = Debug|Any CPU
		{29632EAD-8C09-46CB-8982-24C4A5D680EE}.Release|Any CPU.ActiveCfg = Release|Any CPU
		{29632EAD-8C09-46CB-8982-24C4A5D680EE}.Release|Any CPU.Build.0 = Release|Any CPU
		{1AC7E1EE-8A44-4B99-9AF8-398BAC7359E8}.Debug|Any CPU.ActiveCfg = Debug|Any CPU
		{1AC7E1EE-8A44-4B99-9AF8-398BAC7359E8}.Debug|Any CPU.Build.0 = Debug|Any CPU
		{1AC7E1EE-8A44-4B99-9AF8-398BAC7359E8}.Release|Any CPU.ActiveCfg = Release|Any CPU
		{1AC7E1EE-8A44-4B99-9AF8-398BAC7359E8}.Release|Any CPU.Build.0 = Release|Any CPU
		{B501D025-DC88-4E20-9715-A0A929FAB675}.Debug|Any CPU.ActiveCfg = Debug|Any CPU
		{B501D025-DC88-4E20-9715-A0A929FAB675}.Debug|Any CPU.Build.0 = Debug|Any CPU
		{B501D025-DC88-4E20-9715-A0A929FAB675}.Release|Any CPU.ActiveCfg = Release|Any CPU
		{B501D025-DC88-4E20-9715-A0A929FAB675}.Release|Any CPU.Build.0 = Release|Any CPU
		{D1A9FBDF-E63C-450E-B74F-38E1B5122F1C}.Debug|Any CPU.ActiveCfg = Debug|Any CPU
		{D1A9FBDF-E63C-450E-B74F-38E1B5122F1C}.Debug|Any CPU.Build.0 = Debug|Any CPU
		{D1A9FBDF-E63C-450E-B74F-38E1B5122F1C}.Release|Any CPU.ActiveCfg = Release|Any CPU
		{D1A9FBDF-E63C-450E-B74F-38E1B5122F1C}.Release|Any CPU.Build.0 = Release|Any CPU
		{8FABC84A-0BDE-4664-A8E9-9B29385213DB}.Debug|Any CPU.ActiveCfg = Debug|Any CPU
		{8FABC84A-0BDE-4664-A8E9-9B29385213DB}.Debug|Any CPU.Build.0 = Debug|Any CPU
		{8FABC84A-0BDE-4664-A8E9-9B29385213DB}.Release|Any CPU.ActiveCfg = Release|Any CPU
		{8FABC84A-0BDE-4664-A8E9-9B29385213DB}.Release|Any CPU.Build.0 = Release|Any CPU
		{2391D135-130A-41CD-98D9-B4F2A1F8957D}.Debug|Any CPU.ActiveCfg = Debug|Any CPU
		{2391D135-130A-41CD-98D9-B4F2A1F8957D}.Debug|Any CPU.Build.0 = Debug|Any CPU
		{2391D135-130A-41CD-98D9-B4F2A1F8957D}.Release|Any CPU.ActiveCfg = Release|Any CPU
		{2391D135-130A-41CD-98D9-B4F2A1F8957D}.Release|Any CPU.Build.0 = Release|Any CPU
		{32210295-B821-49B6-B8C5-B08BB09E3884}.Debug|Any CPU.ActiveCfg = Debug|Any CPU
		{32210295-B821-49B6-B8C5-B08BB09E3884}.Debug|Any CPU.Build.0 = Debug|Any CPU
		{32210295-B821-49B6-B8C5-B08BB09E3884}.Release|Any CPU.ActiveCfg = Release|Any CPU
		{32210295-B821-49B6-B8C5-B08BB09E3884}.Release|Any CPU.Build.0 = Release|Any CPU
		{C10828C4-28F0-4387-8BA8-009069EF2DF2}.Debug|Any CPU.ActiveCfg = Debug|Any CPU
		{C10828C4-28F0-4387-8BA8-009069EF2DF2}.Debug|Any CPU.Build.0 = Debug|Any CPU
		{C10828C4-28F0-4387-8BA8-009069EF2DF2}.Release|Any CPU.ActiveCfg = Release|Any CPU
		{C10828C4-28F0-4387-8BA8-009069EF2DF2}.Release|Any CPU.Build.0 = Release|Any CPU
		{E831FB15-3F10-40B9-A9EA-50C1D460DE92}.Debug|Any CPU.ActiveCfg = Debug|Any CPU
		{E831FB15-3F10-40B9-A9EA-50C1D460DE92}.Debug|Any CPU.Build.0 = Debug|Any CPU
		{E831FB15-3F10-40B9-A9EA-50C1D460DE92}.Release|Any CPU.ActiveCfg = Release|Any CPU
		{E831FB15-3F10-40B9-A9EA-50C1D460DE92}.Release|Any CPU.Build.0 = Release|Any CPU
		{F7CAC38C-4AE9-4BA6-BE0F-B46F9D3457CB}.Debug|Any CPU.ActiveCfg = Debug|Any CPU
		{F7CAC38C-4AE9-4BA6-BE0F-B46F9D3457CB}.Debug|Any CPU.Build.0 = Debug|Any CPU
		{F7CAC38C-4AE9-4BA6-BE0F-B46F9D3457CB}.Release|Any CPU.ActiveCfg = Release|Any CPU
		{F7CAC38C-4AE9-4BA6-BE0F-B46F9D3457CB}.Release|Any CPU.Build.0 = Release|Any CPU
		{04DC5C00-72EC-4207-BAB5-D06A855C093A}.Debug|Any CPU.ActiveCfg = Debug|Any CPU
		{04DC5C00-72EC-4207-BAB5-D06A855C093A}.Debug|Any CPU.Build.0 = Debug|Any CPU
		{04DC5C00-72EC-4207-BAB5-D06A855C093A}.Release|Any CPU.ActiveCfg = Release|Any CPU
		{04DC5C00-72EC-4207-BAB5-D06A855C093A}.Release|Any CPU.Build.0 = Release|Any CPU
		{670C5031-389C-4843-A4E4-B2DF0650BA39}.Debug|Any CPU.ActiveCfg = Debug|Any CPU
		{670C5031-389C-4843-A4E4-B2DF0650BA39}.Debug|Any CPU.Build.0 = Debug|Any CPU
		{670C5031-389C-4843-A4E4-B2DF0650BA39}.Release|Any CPU.ActiveCfg = Release|Any CPU
		{670C5031-389C-4843-A4E4-B2DF0650BA39}.Release|Any CPU.Build.0 = Release|Any CPU
		{B82960A8-51E3-46A5-869F-62E605DA3FC3}.Debug|Any CPU.ActiveCfg = Debug|Any CPU
		{B82960A8-51E3-46A5-869F-62E605DA3FC3}.Debug|Any CPU.Build.0 = Debug|Any CPU
		{B82960A8-51E3-46A5-869F-62E605DA3FC3}.Release|Any CPU.ActiveCfg = Release|Any CPU
		{B82960A8-51E3-46A5-869F-62E605DA3FC3}.Release|Any CPU.Build.0 = Release|Any CPU
		{1964B246-C5B4-4168-9765-6666514B647B}.Debug|Any CPU.ActiveCfg = Debug|Any CPU
		{1964B246-C5B4-4168-9765-6666514B647B}.Debug|Any CPU.Build.0 = Debug|Any CPU
		{1964B246-C5B4-4168-9765-6666514B647B}.Release|Any CPU.ActiveCfg = Release|Any CPU
		{1964B246-C5B4-4168-9765-6666514B647B}.Release|Any CPU.Build.0 = Release|Any CPU
		{91BF48E1-F261-409D-A25D-DAD87EB769C8}.Debug|Any CPU.ActiveCfg = Debug|Any CPU
		{91BF48E1-F261-409D-A25D-DAD87EB769C8}.Debug|Any CPU.Build.0 = Debug|Any CPU
		{91BF48E1-F261-409D-A25D-DAD87EB769C8}.Release|Any CPU.ActiveCfg = Release|Any CPU
		{91BF48E1-F261-409D-A25D-DAD87EB769C8}.Release|Any CPU.Build.0 = Release|Any CPU
		{654F45CB-1C55-4451-A15E-BCD3521B5282}.Debug|Any CPU.ActiveCfg = Debug|Any CPU
		{654F45CB-1C55-4451-A15E-BCD3521B5282}.Debug|Any CPU.Build.0 = Debug|Any CPU
		{654F45CB-1C55-4451-A15E-BCD3521B5282}.Release|Any CPU.ActiveCfg = Release|Any CPU
		{654F45CB-1C55-4451-A15E-BCD3521B5282}.Release|Any CPU.Build.0 = Release|Any CPU
		{E89B96D6-2CEA-4E02-A6CD-7C85436983CD}.Debug|Any CPU.ActiveCfg = Debug|Any CPU
		{E89B96D6-2CEA-4E02-A6CD-7C85436983CD}.Debug|Any CPU.Build.0 = Debug|Any CPU
		{E89B96D6-2CEA-4E02-A6CD-7C85436983CD}.Release|Any CPU.ActiveCfg = Release|Any CPU
		{E89B96D6-2CEA-4E02-A6CD-7C85436983CD}.Release|Any CPU.Build.0 = Release|Any CPU
		{7250A872-78E2-49E0-8CC3-FCC809FAEC6B}.Debug|Any CPU.ActiveCfg = Debug|Any CPU
		{7250A872-78E2-49E0-8CC3-FCC809FAEC6B}.Debug|Any CPU.Build.0 = Debug|Any CPU
		{7250A872-78E2-49E0-8CC3-FCC809FAEC6B}.Release|Any CPU.ActiveCfg = Release|Any CPU
		{7250A872-78E2-49E0-8CC3-FCC809FAEC6B}.Release|Any CPU.Build.0 = Release|Any CPU
		{F37B78CB-51FF-4D26-8C88-7EAB6ED71962}.Debug|Any CPU.ActiveCfg = Debug|Any CPU
		{F37B78CB-51FF-4D26-8C88-7EAB6ED71962}.Debug|Any CPU.Build.0 = Debug|Any CPU
		{F37B78CB-51FF-4D26-8C88-7EAB6ED71962}.Release|Any CPU.ActiveCfg = Release|Any CPU
		{F37B78CB-51FF-4D26-8C88-7EAB6ED71962}.Release|Any CPU.Build.0 = Release|Any CPU
		{C284D569-0049-4B3F-AEDE-C84F9D7BC723}.Debug|Any CPU.ActiveCfg = Debug|Any CPU
		{C284D569-0049-4B3F-AEDE-C84F9D7BC723}.Debug|Any CPU.Build.0 = Debug|Any CPU
		{C284D569-0049-4B3F-AEDE-C84F9D7BC723}.Release|Any CPU.ActiveCfg = Release|Any CPU
		{C284D569-0049-4B3F-AEDE-C84F9D7BC723}.Release|Any CPU.Build.0 = Release|Any CPU
		{FFA992D4-41E6-4A75-A5D5-5682309072F3}.Debug|Any CPU.ActiveCfg = Debug|Any CPU
		{FFA992D4-41E6-4A75-A5D5-5682309072F3}.Debug|Any CPU.Build.0 = Debug|Any CPU
		{FFA992D4-41E6-4A75-A5D5-5682309072F3}.Release|Any CPU.ActiveCfg = Release|Any CPU
		{FFA992D4-41E6-4A75-A5D5-5682309072F3}.Release|Any CPU.Build.0 = Release|Any CPU
		{F86D27CE-529D-489A-9C58-AE665789BF85}.Debug|Any CPU.ActiveCfg = Debug|Any CPU
		{F86D27CE-529D-489A-9C58-AE665789BF85}.Debug|Any CPU.Build.0 = Debug|Any CPU
		{F86D27CE-529D-489A-9C58-AE665789BF85}.Release|Any CPU.ActiveCfg = Release|Any CPU
		{F86D27CE-529D-489A-9C58-AE665789BF85}.Release|Any CPU.Build.0 = Release|Any CPU
		{70086327-170D-4136-A9B8-009EFEA346E5}.Debug|Any CPU.ActiveCfg = Debug|Any CPU
		{70086327-170D-4136-A9B8-009EFEA346E5}.Debug|Any CPU.Build.0 = Debug|Any CPU
		{70086327-170D-4136-A9B8-009EFEA346E5}.Release|Any CPU.ActiveCfg = Release|Any CPU
		{70086327-170D-4136-A9B8-009EFEA346E5}.Release|Any CPU.Build.0 = Release|Any CPU
		{0D66DD28-4666-4F73-981F-9B8F89DD66C5}.Debug|Any CPU.ActiveCfg = Debug|Any CPU
		{0D66DD28-4666-4F73-981F-9B8F89DD66C5}.Debug|Any CPU.Build.0 = Debug|Any CPU
		{0D66DD28-4666-4F73-981F-9B8F89DD66C5}.Release|Any CPU.ActiveCfg = Release|Any CPU
		{0D66DD28-4666-4F73-981F-9B8F89DD66C5}.Release|Any CPU.Build.0 = Release|Any CPU
		{1DD1D9E6-FFC7-473A-9788-567EC135AB28}.Debug|Any CPU.ActiveCfg = Debug|Any CPU
		{1DD1D9E6-FFC7-473A-9788-567EC135AB28}.Debug|Any CPU.Build.0 = Debug|Any CPU
		{1DD1D9E6-FFC7-473A-9788-567EC135AB28}.Release|Any CPU.ActiveCfg = Release|Any CPU
		{1DD1D9E6-FFC7-473A-9788-567EC135AB28}.Release|Any CPU.Build.0 = Release|Any CPU
		{2D31ACEA-9C49-4E3A-85AB-911E57D713C7}.Debug|Any CPU.ActiveCfg = Debug|Any CPU
		{2D31ACEA-9C49-4E3A-85AB-911E57D713C7}.Debug|Any CPU.Build.0 = Debug|Any CPU
		{2D31ACEA-9C49-4E3A-85AB-911E57D713C7}.Release|Any CPU.ActiveCfg = Release|Any CPU
		{2D31ACEA-9C49-4E3A-85AB-911E57D713C7}.Release|Any CPU.Build.0 = Release|Any CPU
		{FAF18590-BEFB-4E33-8374-E33783D15017}.Debug|Any CPU.ActiveCfg = Debug|Any CPU
		{FAF18590-BEFB-4E33-8374-E33783D15017}.Debug|Any CPU.Build.0 = Debug|Any CPU
		{FAF18590-BEFB-4E33-8374-E33783D15017}.Release|Any CPU.ActiveCfg = Release|Any CPU
		{FAF18590-BEFB-4E33-8374-E33783D15017}.Release|Any CPU.Build.0 = Release|Any CPU
		{135BEEA4-3F8C-465A-AE48-0816CB5EB904}.Debug|Any CPU.ActiveCfg = Debug|Any CPU
		{135BEEA4-3F8C-465A-AE48-0816CB5EB904}.Debug|Any CPU.Build.0 = Debug|Any CPU
		{135BEEA4-3F8C-465A-AE48-0816CB5EB904}.Release|Any CPU.ActiveCfg = Release|Any CPU
		{135BEEA4-3F8C-465A-AE48-0816CB5EB904}.Release|Any CPU.Build.0 = Release|Any CPU
	EndGlobalSection
	GlobalSection(SolutionProperties) = preSolution
		HideSolutionNode = FALSE
	EndGlobalSection
	GlobalSection(ExtensibilityGlobals) = postSolution
		SolutionGuid = {65011ADF-46BA-46E3-AACD-DAE97B45DDCA}
	EndGlobalSection
EndGlobal
